{
  "version": 4,
  "terraform_version": "1.12.2",
  "serial": 615,
  "lineage": "e84fddd9-f619-9aae-e17d-ae6136159fb7",
  "outputs": {
    "name": {
      "value": {
        "arn": "arn:aws:elasticloadbalancing:eu-west-1:787738647213:loadbalancer/net/weather-scanner-nlb/2161cf7646e2823c",
        "arn_suffix": "net/weather-scanner-nlb/2161cf7646e2823c",
        "dns_name": "weather-scanner-nlb-2161cf7646e2823c.elb.eu-west-1.amazonaws.com",
        "id": "arn:aws:elasticloadbalancing:eu-west-1:787738647213:loadbalancer/net/weather-scanner-nlb/2161cf7646e2823c",
        "listener_rules": {},
        "listeners": {
          "ex-tcp-udp": {
            "alpn_policy": null,
            "arn": "arn:aws:elasticloadbalancing:eu-west-1:787738647213:listener/net/weather-scanner-nlb/2161cf7646e2823c/b64a9200ca3b096e",
            "certificate_arn": null,
            "default_action": [
              {
                "authenticate_cognito": [],
                "authenticate_oidc": [],
                "fixed_response": [],
                "forward": [],
                "order": 1,
                "redirect": [],
                "target_group_arn": "arn:aws:elasticloadbalancing:eu-west-1:787738647213:targetgroup/tf-20250719124259636200000003/c97d957cede8887f",
                "type": "forward"
              }
            ],
            "id": "arn:aws:elasticloadbalancing:eu-west-1:787738647213:listener/net/weather-scanner-nlb/2161cf7646e2823c/b64a9200ca3b096e",
            "load_balancer_arn": "arn:aws:elasticloadbalancing:eu-west-1:787738647213:loadbalancer/net/weather-scanner-nlb/2161cf7646e2823c",
            "mutual_authentication": [],
            "port": 27017,
            "protocol": "TCP",
            "region": "eu-west-1",
            "routing_http_request_x_amzn_mtls_clientcert_header_name": null,
            "routing_http_request_x_amzn_mtls_clientcert_issuer_header_name": null,
            "routing_http_request_x_amzn_mtls_clientcert_leaf_header_name": null,
            "routing_http_request_x_amzn_mtls_clientcert_serial_number_header_name": null,
            "routing_http_request_x_amzn_mtls_clientcert_subject_header_name": null,
            "routing_http_request_x_amzn_mtls_clientcert_validity_header_name": null,
            "routing_http_request_x_amzn_tls_cipher_suite_header_name": null,
            "routing_http_request_x_amzn_tls_version_header_name": null,
            "routing_http_response_access_control_allow_credentials_header_value": null,
            "routing_http_response_access_control_allow_headers_header_value": null,
            "routing_http_response_access_control_allow_methods_header_value": null,
            "routing_http_response_access_control_allow_origin_header_value": null,
            "routing_http_response_access_control_expose_headers_header_value": null,
            "routing_http_response_access_control_max_age_header_value": null,
            "routing_http_response_content_security_policy_header_value": null,
            "routing_http_response_server_enabled": null,
            "routing_http_response_strict_transport_security_header_value": null,
            "routing_http_response_x_content_type_options_header_value": null,
            "routing_http_response_x_frame_options_header_value": null,
            "ssl_policy": "",
            "tags": {
              "Environment": "Development",
              "terraform-aws-modules": "alb"
            },
            "tags_all": {
              "Environment": "Development",
              "terraform-aws-modules": "alb"
            },
            "tcp_idle_timeout_seconds": 350,
            "timeouts": null
          }
        },
        "route53_records": {
          "weather-scanner-aws": {
            "alias": [
              {
                "evaluate_target_health": true,
                "name": "weather-scanner-nlb-2161cf7646e2823c.elb.eu-west-1.amazonaws.com",
                "zone_id": "Z2IFOLAFXWLO4F"
              }
            ],
            "allow_overwrite": null,
            "cidr_routing_policy": [],
            "failover_routing_policy": [],
            "fqdn": "documentdb.weather-scanner-aws.com",
            "geolocation_routing_policy": [],
            "geoproximity_routing_policy": [],
            "health_check_id": "",
            "id": "Z0514010F7KP12HO7IE2_documentdb_A",
            "latency_routing_policy": [],
            "multivalue_answer_routing_policy": false,
            "name": "documentdb",
            "records": null,
            "set_identifier": "",
            "timeouts": null,
            "ttl": 0,
            "type": "A",
            "weighted_routing_policy": [],
            "zone_id": "Z0514010F7KP12HO7IE2"
          }
        },
        "security_group_arn": "arn:aws:ec2:eu-west-1:787738647213:security-group/sg-01784f657754624c1",
        "security_group_id": "sg-01784f657754624c1",
        "target_groups": {
          "ex-target": {
            "arn": "arn:aws:elasticloadbalancing:eu-west-1:787738647213:targetgroup/tf-20250719124259636200000003/c97d957cede8887f",
            "arn_suffix": "targetgroup/tf-20250719124259636200000003/c97d957cede8887f",
            "connection_termination": false,
            "deregistration_delay": "300",
            "health_check": [
              {
                "enabled": true,
                "healthy_threshold": 5,
                "interval": 30,
                "matcher": "",
                "path": "",
                "port": "traffic-port",
                "protocol": "TCP",
                "timeout": 10,
                "unhealthy_threshold": 2
              }
            ],
            "id": "arn:aws:elasticloadbalancing:eu-west-1:787738647213:targetgroup/tf-20250719124259636200000003/c97d957cede8887f",
            "ip_address_type": "ipv4",
            "lambda_multi_value_headers_enabled": false,
            "load_balancer_arns": [
              "arn:aws:elasticloadbalancing:eu-west-1:787738647213:loadbalancer/net/weather-scanner-nlb/2161cf7646e2823c"
            ],
            "load_balancing_algorithm_type": null,
            "load_balancing_anomaly_mitigation": null,
            "load_balancing_cross_zone_enabled": "use_load_balancer_configuration",
            "name": "tf-20250719124259636200000003",
            "name_prefix": "tf-",
            "port": 27017,
            "preserve_client_ip": "false",
            "protocol": "TCP",
            "protocol_version": null,
            "proxy_protocol_v2": false,
            "region": "eu-west-1",
            "slow_start": 0,
            "stickiness": [
              {
                "cookie_duration": 0,
                "cookie_name": "",
                "enabled": false,
                "type": "source_ip"
              }
            ],
            "tags": {
              "Environment": "Development",
              "terraform-aws-modules": "alb"
            },
            "tags_all": {
              "Environment": "Development",
              "terraform-aws-modules": "alb"
            },
            "target_failover": [
              {
                "on_deregistration": null,
                "on_unhealthy": null
              }
            ],
            "target_group_health": [
              {
                "dns_failover": [
                  {
                    "minimum_healthy_targets_count": "1",
                    "minimum_healthy_targets_percentage": "off"
                  }
                ],
                "unhealthy_state_routing": [
                  {
                    "minimum_healthy_targets_count": 1,
                    "minimum_healthy_targets_percentage": "off"
                  }
                ]
              }
            ],
            "target_health_state": [
              {
                "enable_unhealthy_connection_termination": true,
                "unhealthy_draining_interval": 0
              }
            ],
            "target_type": "ip",
            "vpc_id": "vpc-0cb15612c1f91920b"
          }
        },
        "zone_id": "Z2IFOLAFXWLO4F"
      },
      "type": [
        "object",
        {
          "arn": "string",
          "arn_suffix": "string",
          "dns_name": "string",
          "id": "string",
          "listener_rules": [
            "object",
            {}
          ],
          "listeners": [
            "object",
            {
              "ex-tcp-udp": [
                "object",
                {
                  "alpn_policy": "string",
                  "arn": "string",
                  "certificate_arn": "string",
                  "default_action": [
                    "list",
                    [
                      "object",
                      {
                        "authenticate_cognito": [
                          "list",
                          [
                            "object",
                            {
                              "authentication_request_extra_params": [
                                "map",
                                "string"
                              ],
                              "on_unauthenticated_request": "string",
                              "scope": "string",
                              "session_cookie_name": "string",
                              "session_timeout": "number",
                              "user_pool_arn": "string",
                              "user_pool_client_id": "string",
                              "user_pool_domain": "string"
                            }
                          ]
                        ],
                        "authenticate_oidc": [
                          "list",
                          [
                            "object",
                            {
                              "authentication_request_extra_params": [
                                "map",
                                "string"
                              ],
                              "authorization_endpoint": "string",
                              "client_id": "string",
                              "client_secret": "string",
                              "issuer": "string",
                              "on_unauthenticated_request": "string",
                              "scope": "string",
                              "session_cookie_name": "string",
                              "session_timeout": "number",
                              "token_endpoint": "string",
                              "user_info_endpoint": "string"
                            }
                          ]
                        ],
                        "fixed_response": [
                          "list",
                          [
                            "object",
                            {
                              "content_type": "string",
                              "message_body": "string",
                              "status_code": "string"
                            }
                          ]
                        ],
                        "forward": [
                          "list",
                          [
                            "object",
                            {
                              "stickiness": [
                                "list",
                                [
                                  "object",
                                  {
                                    "duration": "number",
                                    "enabled": "bool"
                                  }
                                ]
                              ],
                              "target_group": [
                                "set",
                                [
                                  "object",
                                  {
                                    "arn": "string",
                                    "weight": "number"
                                  }
                                ]
                              ]
                            }
                          ]
                        ],
                        "order": "number",
                        "redirect": [
                          "list",
                          [
                            "object",
                            {
                              "host": "string",
                              "path": "string",
                              "port": "string",
                              "protocol": "string",
                              "query": "string",
                              "status_code": "string"
                            }
                          ]
                        ],
                        "target_group_arn": "string",
                        "type": "string"
                      }
                    ]
                  ],
                  "id": "string",
                  "load_balancer_arn": "string",
                  "mutual_authentication": [
                    "list",
                    [
                      "object",
                      {
                        "advertise_trust_store_ca_names": "string",
                        "ignore_client_certificate_expiry": "bool",
                        "mode": "string",
                        "trust_store_arn": "string"
                      }
                    ]
                  ],
                  "port": "number",
                  "protocol": "string",
                  "region": "string",
                  "routing_http_request_x_amzn_mtls_clientcert_header_name": "string",
                  "routing_http_request_x_amzn_mtls_clientcert_issuer_header_name": "string",
                  "routing_http_request_x_amzn_mtls_clientcert_leaf_header_name": "string",
                  "routing_http_request_x_amzn_mtls_clientcert_serial_number_header_name": "string",
                  "routing_http_request_x_amzn_mtls_clientcert_subject_header_name": "string",
                  "routing_http_request_x_amzn_mtls_clientcert_validity_header_name": "string",
                  "routing_http_request_x_amzn_tls_cipher_suite_header_name": "string",
                  "routing_http_request_x_amzn_tls_version_header_name": "string",
                  "routing_http_response_access_control_allow_credentials_header_value": "string",
                  "routing_http_response_access_control_allow_headers_header_value": "string",
                  "routing_http_response_access_control_allow_methods_header_value": "string",
                  "routing_http_response_access_control_allow_origin_header_value": "string",
                  "routing_http_response_access_control_expose_headers_header_value": "string",
                  "routing_http_response_access_control_max_age_header_value": "string",
                  "routing_http_response_content_security_policy_header_value": "string",
                  "routing_http_response_server_enabled": "bool",
                  "routing_http_response_strict_transport_security_header_value": "string",
                  "routing_http_response_x_content_type_options_header_value": "string",
                  "routing_http_response_x_frame_options_header_value": "string",
                  "ssl_policy": "string",
                  "tags": [
                    "map",
                    "string"
                  ],
                  "tags_all": [
                    "map",
                    "string"
                  ],
                  "tcp_idle_timeout_seconds": "number",
                  "timeouts": [
                    "object",
                    {
                      "create": "string",
                      "update": "string"
                    }
                  ]
                }
              ]
            }
          ],
          "route53_records": [
            "object",
            {
              "weather-scanner-aws": [
                "object",
                {
                  "alias": [
                    "list",
                    [
                      "object",
                      {
                        "evaluate_target_health": "bool",
                        "name": "string",
                        "zone_id": "string"
                      }
                    ]
                  ],
                  "allow_overwrite": "bool",
                  "cidr_routing_policy": [
                    "list",
                    [
                      "object",
                      {
                        "collection_id": "string",
                        "location_name": "string"
                      }
                    ]
                  ],
                  "failover_routing_policy": [
                    "list",
                    [
                      "object",
                      {
                        "type": "string"
                      }
                    ]
                  ],
                  "fqdn": "string",
                  "geolocation_routing_policy": [
                    "list",
                    [
                      "object",
                      {
                        "continent": "string",
                        "country": "string",
                        "subdivision": "string"
                      }
                    ]
                  ],
                  "geoproximity_routing_policy": [
                    "list",
                    [
                      "object",
                      {
                        "aws_region": "string",
                        "bias": "number",
                        "coordinates": [
                          "set",
                          [
                            "object",
                            {
                              "latitude": "string",
                              "longitude": "string"
                            }
                          ]
                        ],
                        "local_zone_group": "string"
                      }
                    ]
                  ],
                  "health_check_id": "string",
                  "id": "string",
                  "latency_routing_policy": [
                    "list",
                    [
                      "object",
                      {
                        "region": "string"
                      }
                    ]
                  ],
                  "multivalue_answer_routing_policy": "bool",
                  "name": "string",
                  "records": [
                    "set",
                    "string"
                  ],
                  "set_identifier": "string",
                  "timeouts": [
                    "object",
                    {
                      "create": "string",
                      "delete": "string",
                      "update": "string"
                    }
                  ],
                  "ttl": "number",
                  "type": "string",
                  "weighted_routing_policy": [
                    "list",
                    [
                      "object",
                      {
                        "weight": "number"
                      }
                    ]
                  ],
                  "zone_id": "string"
                }
              ]
            }
          ],
          "security_group_arn": "string",
          "security_group_id": "string",
          "target_groups": [
            "object",
            {
              "ex-target": [
                "object",
                {
                  "arn": "string",
                  "arn_suffix": "string",
                  "connection_termination": "bool",
                  "deregistration_delay": "string",
                  "health_check": [
                    "list",
                    [
                      "object",
                      {
                        "enabled": "bool",
                        "healthy_threshold": "number",
                        "interval": "number",
                        "matcher": "string",
                        "path": "string",
                        "port": "string",
                        "protocol": "string",
                        "timeout": "number",
                        "unhealthy_threshold": "number"
                      }
                    ]
                  ],
                  "id": "string",
                  "ip_address_type": "string",
                  "lambda_multi_value_headers_enabled": "bool",
                  "load_balancer_arns": [
                    "set",
                    "string"
                  ],
                  "load_balancing_algorithm_type": "string",
                  "load_balancing_anomaly_mitigation": "string",
                  "load_balancing_cross_zone_enabled": "string",
                  "name": "string",
                  "name_prefix": "string",
                  "port": "number",
                  "preserve_client_ip": "string",
                  "protocol": "string",
                  "protocol_version": "string",
                  "proxy_protocol_v2": "bool",
                  "region": "string",
                  "slow_start": "number",
                  "stickiness": [
                    "list",
                    [
                      "object",
                      {
                        "cookie_duration": "number",
                        "cookie_name": "string",
                        "enabled": "bool",
                        "type": "string"
                      }
                    ]
                  ],
                  "tags": [
                    "map",
                    "string"
                  ],
                  "tags_all": [
                    "map",
                    "string"
                  ],
                  "target_failover": [
                    "list",
                    [
                      "object",
                      {
                        "on_deregistration": "string",
                        "on_unhealthy": "string"
                      }
                    ]
                  ],
                  "target_group_health": [
                    "list",
                    [
                      "object",
                      {
                        "dns_failover": [
                          "list",
                          [
                            "object",
                            {
                              "minimum_healthy_targets_count": "string",
                              "minimum_healthy_targets_percentage": "string"
                            }
                          ]
                        ],
                        "unhealthy_state_routing": [
                          "list",
                          [
                            "object",
                            {
                              "minimum_healthy_targets_count": "number",
                              "minimum_healthy_targets_percentage": "string"
                            }
                          ]
                        ]
                      }
                    ]
                  ],
                  "target_health_state": [
                    "list",
                    [
                      "object",
                      {
                        "enable_unhealthy_connection_termination": "bool",
                        "unhealthy_draining_interval": "number"
                      }
                    ]
                  ],
                  "target_type": "string",
                  "vpc_id": "string"
                }
              ]
            }
          ],
          "zone_id": "string"
        }
      ]
    }
  },
  "resources": [
    {
      "mode": "data",
      "type": "aws_availability_zones",
      "name": "available_eu",
      "provider": "provider[\"registry.terraform.io/hashicorp/aws\"].anto11200",
      "instances": [
        {
          "schema_version": 0,
          "attributes": {
            "all_availability_zones": null,
            "exclude_names": null,
            "exclude_zone_ids": null,
            "filter": null,
            "group_names": [
              "eu-west-1-zg-1"
            ],
            "id": "eu-west-1",
            "names": [
              "eu-west-1a",
              "eu-west-1b",
              "eu-west-1c"
            ],
            "region": "eu-west-1",
            "state": "available",
            "timeouts": null,
            "zone_ids": [
              "euw1-az1",
              "euw1-az2",
              "euw1-az3"
            ]
          },
          "sensitive_attributes": [],
          "identity_schema_version": 0
        }
      ]
    },
    {
      "mode": "data",
      "type": "dns_a_record_set",
      "name": "docdb_dynamic_ip",
      "provider": "provider[\"registry.terraform.io/hashicorp/dns\"]",
      "instances": [
        {
          "schema_version": 0,
          "attributes": {
            "addrs": [
              "10.0.0.35"
            ],
            "host": "mydocdb-cluster-instance.cb082oguy914.eu-west-1.docdb.amazonaws.com",
            "id": "mydocdb-cluster-instance.cb082oguy914.eu-west-1.docdb.amazonaws.com"
          },
          "sensitive_attributes": [],
          "identity_schema_version": 0
        }
      ]
    },
    {
      "mode": "managed",
      "type": "aws_docdb_cluster",
      "name": "docdb",
      "provider": "provider[\"registry.terraform.io/hashicorp/aws\"].anto11200",
      "instances": [
        {
          "schema_version": 0,
          "attributes": {
            "allow_major_version_upgrade": null,
            "apply_immediately": null,
            "arn": "arn:aws:rds:eu-west-1:787738647213:cluster:my-docdb-cluster",
            "availability_zones": [
              "eu-west-1a",
              "eu-west-1b",
              "eu-west-1c"
            ],
            "backup_retention_period": 5,
            "cluster_identifier": "my-docdb-cluster",
            "cluster_identifier_prefix": "",
            "cluster_members": [
              "mydocdb-cluster-instance"
            ],
            "cluster_resource_id": "cluster-GTPIUGHRUZC6MT4BSW4UUQA5KA",
            "db_cluster_parameter_group_name": "default.docdb5.0",
            "db_subnet_group_name": "docdb-subnet-group",
            "deletion_protection": false,
            "enabled_cloudwatch_logs_exports": [],
            "endpoint": "my-docdb-cluster.cluster-cb082oguy914.eu-west-1.docdb.amazonaws.com",
            "engine": "docdb",
            "engine_version": "5.0.0",
            "final_snapshot_identifier": null,
            "global_cluster_identifier": "",
            "hosted_zone_id": "Z29HEUU7NL3S3J",
            "id": "my-docdb-cluster",
            "kms_key_id": "",
            "manage_master_user_password": null,
            "master_password": "mustbeeightchars",
            "master_password_wo": null,
            "master_password_wo_version": null,
            "master_user_secret": [],
            "master_username": "foo",
            "port": 27017,
            "preferred_backup_window": "07:00-09:00",
            "preferred_maintenance_window": "sun:23:16-sun:23:46",
            "reader_endpoint": "my-docdb-cluster.cluster-ro-cb082oguy914.eu-west-1.docdb.amazonaws.com",
            "region": "eu-west-1",
            "restore_to_point_in_time": [],
            "skip_final_snapshot": true,
            "snapshot_identifier": null,
            "storage_encrypted": false,
            "storage_type": "",
            "tags": {},
            "tags_all": {},
            "timeouts": null,
            "vpc_security_group_ids": [
              "sg-030bf5c79e0c47678"
            ]
          },
          "sensitive_attributes": [
            [
              {
                "type": "get_attr",
                "value": "master_password"
              }
            ]
          ],
          "identity_schema_version": 0,
          "private": "eyJlMmJmYjczMC1lY2FhLTExZTYtOGY4OC0zNDM2M2JjN2M0YzAiOnsiY3JlYXRlIjo3MjAwMDAwMDAwMDAwLCJkZWxldGUiOjcyMDAwMDAwMDAwMDAsInVwZGF0ZSI6NzIwMDAwMDAwMDAwMH19",
          "dependencies": [
            "aws_docdb_subnet_group.weather_scanner_docdb_subnet_group",
            "aws_security_group.docdb_sg",
            "data.aws_availability_zones.available_eu",
            "module.vpc_docdb.aws_subnet.public",
            "module.vpc_docdb.aws_vpc.this",
            "module.vpc_docdb.aws_vpc_ipv4_cidr_block_association.this"
          ],
          "create_before_destroy": true
        }
      ]
    },
    {
      "mode": "managed",
      "type": "aws_docdb_cluster_instance",
      "name": "default",
      "provider": "provider[\"registry.terraform.io/hashicorp/aws\"].anto11200",
      "instances": [
        {
          "schema_version": 0,
          "attributes": {
            "apply_immediately": null,
            "arn": "arn:aws:rds:eu-west-1:787738647213:db:mydocdb-cluster-instance",
            "auto_minor_version_upgrade": true,
            "availability_zone": "eu-west-1a",
            "ca_cert_identifier": "rds-ca-rsa2048-g1",
            "cluster_identifier": "my-docdb-cluster",
            "copy_tags_to_snapshot": false,
            "db_subnet_group_name": "docdb-subnet-group",
            "dbi_resource_id": "db-SM4ULLFQDW3QES4W5X57QNUMEU",
            "enable_performance_insights": null,
            "endpoint": "mydocdb-cluster-instance.cb082oguy914.eu-west-1.docdb.amazonaws.com",
            "engine": "docdb",
            "engine_version": "5.0.0",
            "id": "mydocdb-cluster-instance",
            "identifier": "mydocdb-cluster-instance",
            "identifier_prefix": "",
            "instance_class": "db.t3.medium",
            "kms_key_id": "",
            "performance_insights_kms_key_id": null,
            "port": 27017,
            "preferred_backup_window": "07:00-09:00",
            "preferred_maintenance_window": "thu:03:58-thu:04:28",
            "promotion_tier": 0,
            "publicly_accessible": false,
            "region": "eu-west-1",
            "storage_encrypted": false,
            "tags": {},
            "tags_all": {},
            "timeouts": null,
            "writer": true
          },
          "sensitive_attributes": [],
          "identity_schema_version": 0,
          "private": "eyJlMmJmYjczMC1lY2FhLTExZTYtOGY4OC0zNDM2M2JjN2M0YzAiOnsiY3JlYXRlIjo1NDAwMDAwMDAwMDAwLCJkZWxldGUiOjU0MDAwMDAwMDAwMDAsInVwZGF0ZSI6NTQwMDAwMDAwMDAwMH19",
          "dependencies": [
            "aws_docdb_cluster.docdb",
            "aws_docdb_subnet_group.weather_scanner_docdb_subnet_group",
            "aws_security_group.docdb_sg",
            "data.aws_availability_zones.available_eu",
            "module.vpc_docdb.aws_subnet.public",
            "module.vpc_docdb.aws_vpc.this",
            "module.vpc_docdb.aws_vpc_ipv4_cidr_block_association.this"
          ],
          "create_before_destroy": true
        }
      ]
    },
    {
      "mode": "managed",
      "type": "aws_docdb_subnet_group",
      "name": "weather_scanner_docdb_subnet_group",
      "provider": "provider[\"registry.terraform.io/hashicorp/aws\"].anto11200",
      "instances": [
        {
          "schema_version": 0,
          "attributes": {
            "arn": "arn:aws:rds:eu-west-1:787738647213:subgrp:docdb-subnet-group",
            "description": "Subnet group per Amazon DocumentDB",
            "id": "docdb-subnet-group",
            "name": "docdb-subnet-group",
            "name_prefix": "",
            "region": "eu-west-1",
            "subnet_ids": [
              "subnet-01df2e321b3bdf15a",
              "subnet-085e5ebf47f4d9e1b"
            ],
            "tags": {},
            "tags_all": {}
          },
          "sensitive_attributes": [],
          "identity_schema_version": 0,
          "private": "bnVsbA==",
          "dependencies": [
            "data.aws_availability_zones.available_eu",
            "module.vpc_docdb.aws_subnet.public",
            "module.vpc_docdb.aws_vpc.this",
            "module.vpc_docdb.aws_vpc_ipv4_cidr_block_association.this"
          ],
          "create_before_destroy": true
        }
      ]
    },
    {
      "mode": "managed",
      "type": "aws_security_group",
      "name": "docdb_sg",
      "provider": "provider[\"registry.terraform.io/hashicorp/aws\"].anto11200",
      "instances": [
        {
          "schema_version": 1,
          "attributes": {
            "arn": "arn:aws:ec2:eu-west-1:787738647213:security-group/sg-030bf5c79e0c47678",
            "description": "Consente accesso da EKS a DocumentDB",
            "egress": [
              {
                "cidr_blocks": [
                  "0.0.0.0/0"
                ],
                "description": "",
                "from_port": 0,
                "ipv6_cidr_blocks": [],
                "prefix_list_ids": [],
                "protocol": "-1",
                "security_groups": [],
                "self": false,
                "to_port": 0
              }
            ],
            "id": "sg-030bf5c79e0c47678",
            "ingress": [
              {
                "cidr_blocks": [
                  "0.0.0.0/0"
                ],
                "description": "Accesso da security group dei nodi EKS",
                "from_port": 27017,
                "ipv6_cidr_blocks": [],
                "prefix_list_ids": [],
                "protocol": "tcp",
                "security_groups": [],
                "self": false,
                "to_port": 27017
              }
            ],
            "name": "weather-scanner-docdb-sg",
            "name_prefix": "",
            "owner_id": "787738647213",
            "region": "eu-west-1",
            "revoke_rules_on_delete": false,
            "tags": {
              "Environment": "FreeTier",
              "Name": "weather-scanner-docdb-sg"
            },
            "tags_all": {
              "Environment": "FreeTier",
              "Name": "weather-scanner-docdb-sg"
            },
            "timeouts": null,
            "vpc_id": "vpc-0cb15612c1f91920b"
          },
          "sensitive_attributes": [],
          "identity_schema_version": 0,
          "private": "eyJlMmJmYjczMC1lY2FhLTExZTYtOGY4OC0zNDM2M2JjN2M0YzAiOnsiY3JlYXRlIjo2MDAwMDAwMDAwMDAsImRlbGV0ZSI6OTAwMDAwMDAwMDAwfSwic2NoZW1hX3ZlcnNpb24iOiIxIn0=",
          "dependencies": [
            "module.vpc_docdb.aws_vpc.this"
          ],
          "create_before_destroy": true
        }
      ]
    },
    {
      "module": "module.nlb",
      "mode": "data",
      "type": "aws_partition",
      "name": "current",
      "provider": "provider[\"registry.terraform.io/hashicorp/aws\"].anto11200",
      "instances": [
        {
          "schema_version": 0,
          "attributes": {
            "dns_suffix": "amazonaws.com",
            "id": "aws",
            "partition": "aws",
            "reverse_dns_prefix": "com.amazonaws"
          },
          "sensitive_attributes": [],
          "identity_schema_version": 0
        }
      ]
    },
    {
      "module": "module.nlb",
      "mode": "managed",
      "type": "aws_lb",
      "name": "this",
      "provider": "provider[\"registry.terraform.io/hashicorp/aws\"].anto11200",
      "instances": [
        {
          "index_key": 0,
          "schema_version": 0,
          "attributes": {
            "access_logs": [
              {
                "bucket": "",
                "enabled": false,
                "prefix": ""
              }
            ],
            "arn": "arn:aws:elasticloadbalancing:eu-west-1:787738647213:loadbalancer/net/weather-scanner-nlb/2161cf7646e2823c",
            "arn_suffix": "net/weather-scanner-nlb/2161cf7646e2823c",
            "client_keep_alive": null,
            "connection_logs": [],
            "customer_owned_ipv4_pool": "",
            "desync_mitigation_mode": null,
            "dns_name": "weather-scanner-nlb-2161cf7646e2823c.elb.eu-west-1.amazonaws.com",
            "dns_record_client_routing_policy": "any_availability_zone",
            "drop_invalid_header_fields": null,
            "enable_cross_zone_load_balancing": true,
            "enable_deletion_protection": false,
            "enable_http2": null,
            "enable_tls_version_and_cipher_suite_headers": null,
            "enable_waf_fail_open": null,
            "enable_xff_client_port": null,
            "enable_zonal_shift": false,
            "enforce_security_group_inbound_rules_on_private_link_traffic": "",
            "id": "arn:aws:elasticloadbalancing:eu-west-1:787738647213:loadbalancer/net/weather-scanner-nlb/2161cf7646e2823c",
            "idle_timeout": null,
            "internal": false,
            "ip_address_type": "ipv4",
            "ipam_pools": [],
            "load_balancer_type": "network",
            "minimum_load_balancer_capacity": [],
            "name": "weather-scanner-nlb",
            "name_prefix": "",
            "preserve_host_header": null,
            "region": "eu-west-1",
            "security_groups": [
              "sg-01784f657754624c1"
            ],
            "subnet_mapping": [
              {
                "allocation_id": "",
                "ipv6_address": "",
                "outpost_id": "",
                "private_ipv4_address": "",
                "subnet_id": "subnet-01df2e321b3bdf15a"
              },
              {
                "allocation_id": "",
                "ipv6_address": "",
                "outpost_id": "",
                "private_ipv4_address": "",
                "subnet_id": "subnet-085e5ebf47f4d9e1b"
              }
            ],
            "subnets": [
              "subnet-01df2e321b3bdf15a",
              "subnet-085e5ebf47f4d9e1b"
            ],
            "tags": {
              "Environment": "Development",
              "terraform-aws-modules": "alb"
            },
            "tags_all": {
              "Environment": "Development",
              "terraform-aws-modules": "alb"
            },
            "timeouts": {
              "create": null,
              "delete": null,
              "update": null
            },
            "vpc_id": "vpc-0cb15612c1f91920b",
            "xff_header_processing_mode": null,
            "zone_id": "Z2IFOLAFXWLO4F"
          },
          "sensitive_attributes": [],
          "identity_schema_version": 0,
          "identity": {
            "arn": "arn:aws:elasticloadbalancing:eu-west-1:787738647213:loadbalancer/net/weather-scanner-nlb/2161cf7646e2823c"
          },
          "private": "eyJlMmJmYjczMC1lY2FhLTExZTYtOGY4OC0zNDM2M2JjN2M0YzAiOnsiY3JlYXRlIjo2MDAwMDAwMDAwMDAsImRlbGV0ZSI6NjAwMDAwMDAwMDAwLCJ1cGRhdGUiOjYwMDAwMDAwMDAwMH19",
          "dependencies": [
            "data.aws_availability_zones.available_eu",
            "module.nlb.aws_security_group.this",
            "module.vpc_docdb.aws_subnet.public",
            "module.vpc_docdb.aws_vpc.this",
            "module.vpc_docdb.aws_vpc_ipv4_cidr_block_association.this"
          ]
        }
      ]
    },
    {
      "module": "module.nlb",
      "mode": "managed",
      "type": "aws_lb_listener",
      "name": "this",
      "provider": "provider[\"registry.terraform.io/hashicorp/aws\"].anto11200",
      "instances": [
        {
          "index_key": "ex-tcp-udp",
          "schema_version": 0,
          "attributes": {
            "alpn_policy": null,
            "arn": "arn:aws:elasticloadbalancing:eu-west-1:787738647213:listener/net/weather-scanner-nlb/2161cf7646e2823c/b64a9200ca3b096e",
            "certificate_arn": null,
            "default_action": [
              {
                "authenticate_cognito": [],
                "authenticate_oidc": [],
                "fixed_response": [],
                "forward": [],
                "order": 1,
                "redirect": [],
                "target_group_arn": "arn:aws:elasticloadbalancing:eu-west-1:787738647213:targetgroup/tf-20250719124259636200000003/c97d957cede8887f",
                "type": "forward"
              }
            ],
            "id": "arn:aws:elasticloadbalancing:eu-west-1:787738647213:listener/net/weather-scanner-nlb/2161cf7646e2823c/b64a9200ca3b096e",
            "load_balancer_arn": "arn:aws:elasticloadbalancing:eu-west-1:787738647213:loadbalancer/net/weather-scanner-nlb/2161cf7646e2823c",
            "mutual_authentication": [],
            "port": 27017,
            "protocol": "TCP",
            "region": "eu-west-1",
            "routing_http_request_x_amzn_mtls_clientcert_header_name": null,
            "routing_http_request_x_amzn_mtls_clientcert_issuer_header_name": null,
            "routing_http_request_x_amzn_mtls_clientcert_leaf_header_name": null,
            "routing_http_request_x_amzn_mtls_clientcert_serial_number_header_name": null,
            "routing_http_request_x_amzn_mtls_clientcert_subject_header_name": null,
            "routing_http_request_x_amzn_mtls_clientcert_validity_header_name": null,
            "routing_http_request_x_amzn_tls_cipher_suite_header_name": null,
            "routing_http_request_x_amzn_tls_version_header_name": null,
            "routing_http_response_access_control_allow_credentials_header_value": null,
            "routing_http_response_access_control_allow_headers_header_value": null,
            "routing_http_response_access_control_allow_methods_header_value": null,
            "routing_http_response_access_control_allow_origin_header_value": null,
            "routing_http_response_access_control_expose_headers_header_value": null,
            "routing_http_response_access_control_max_age_header_value": null,
            "routing_http_response_content_security_policy_header_value": null,
            "routing_http_response_server_enabled": null,
            "routing_http_response_strict_transport_security_header_value": null,
            "routing_http_response_x_content_type_options_header_value": null,
            "routing_http_response_x_frame_options_header_value": null,
            "ssl_policy": "",
            "tags": {
              "Environment": "Development",
              "terraform-aws-modules": "alb"
            },
            "tags_all": {
              "Environment": "Development",
              "terraform-aws-modules": "alb"
            },
            "tcp_idle_timeout_seconds": 350,
            "timeouts": null
          },
          "sensitive_attributes": [],
          "identity_schema_version": 0,
          "private": "eyJlMmJmYjczMC1lY2FhLTExZTYtOGY4OC0zNDM2M2JjN2M0YzAiOnsiY3JlYXRlIjozMDAwMDAwMDAwMDAsInVwZGF0ZSI6MzAwMDAwMDAwMDAwfX0=",
          "dependencies": [
            "aws_docdb_cluster.docdb",
            "aws_docdb_cluster_instance.default",
            "aws_docdb_subnet_group.weather_scanner_docdb_subnet_group",
            "aws_security_group.docdb_sg",
            "data.aws_availability_zones.available_eu",
            "data.dns_a_record_set.docdb_dynamic_ip",
            "module.nlb.aws_lb.this",
            "module.nlb.aws_lb_target_group.this",
            "module.nlb.aws_security_group.this",
            "module.vpc_docdb.aws_subnet.public",
            "module.vpc_docdb.aws_vpc.this",
            "module.vpc_docdb.aws_vpc_ipv4_cidr_block_association.this"
          ]
        }
      ]
    },
    {
      "module": "module.nlb",
      "mode": "managed",
      "type": "aws_lb_target_group",
      "name": "this",
      "provider": "provider[\"registry.terraform.io/hashicorp/aws\"].anto11200",
      "instances": [
        {
          "index_key": "ex-target",
          "schema_version": 0,
          "attributes": {
            "arn": "arn:aws:elasticloadbalancing:eu-west-1:787738647213:targetgroup/tf-20250719124259636200000003/c97d957cede8887f",
            "arn_suffix": "targetgroup/tf-20250719124259636200000003/c97d957cede8887f",
            "connection_termination": false,
            "deregistration_delay": "300",
            "health_check": [
              {
                "enabled": true,
                "healthy_threshold": 5,
                "interval": 30,
                "matcher": "",
                "path": "",
                "port": "traffic-port",
                "protocol": "TCP",
                "timeout": 10,
                "unhealthy_threshold": 2
              }
            ],
            "id": "arn:aws:elasticloadbalancing:eu-west-1:787738647213:targetgroup/tf-20250719124259636200000003/c97d957cede8887f",
            "ip_address_type": "ipv4",
            "lambda_multi_value_headers_enabled": false,
            "load_balancer_arns": [
              "arn:aws:elasticloadbalancing:eu-west-1:787738647213:loadbalancer/net/weather-scanner-nlb/2161cf7646e2823c"
            ],
            "load_balancing_algorithm_type": null,
            "load_balancing_anomaly_mitigation": null,
            "load_balancing_cross_zone_enabled": "use_load_balancer_configuration",
            "name": "tf-20250719124259636200000003",
            "name_prefix": "tf-",
            "port": 27017,
            "preserve_client_ip": "false",
            "protocol": "TCP",
            "protocol_version": null,
            "proxy_protocol_v2": false,
            "region": "eu-west-1",
            "slow_start": 0,
            "stickiness": [
              {
                "cookie_duration": 0,
                "cookie_name": "",
                "enabled": false,
                "type": "source_ip"
              }
            ],
            "tags": {
              "Environment": "Development",
              "terraform-aws-modules": "alb"
            },
            "tags_all": {
              "Environment": "Development",
              "terraform-aws-modules": "alb"
            },
            "target_failover": [
              {
                "on_deregistration": null,
                "on_unhealthy": null
              }
            ],
            "target_group_health": [
              {
                "dns_failover": [
                  {
                    "minimum_healthy_targets_count": "1",
                    "minimum_healthy_targets_percentage": "off"
                  }
                ],
                "unhealthy_state_routing": [
                  {
                    "minimum_healthy_targets_count": 1,
                    "minimum_healthy_targets_percentage": "off"
                  }
                ]
              }
            ],
            "target_health_state": [
              {
                "enable_unhealthy_connection_termination": true,
                "unhealthy_draining_interval": 0
              }
            ],
            "target_type": "ip",
            "vpc_id": "vpc-0cb15612c1f91920b"
          },
          "sensitive_attributes": [],
          "identity_schema_version": 0,
          "private": "bnVsbA==",
          "dependencies": [
            "aws_docdb_cluster.docdb",
            "aws_docdb_cluster_instance.default",
            "aws_docdb_subnet_group.weather_scanner_docdb_subnet_group",
            "aws_security_group.docdb_sg",
            "data.aws_availability_zones.available_eu",
            "data.dns_a_record_set.docdb_dynamic_ip",
            "module.vpc_docdb.aws_subnet.public",
            "module.vpc_docdb.aws_vpc.this",
            "module.vpc_docdb.aws_vpc_ipv4_cidr_block_association.this"
          ],
          "create_before_destroy": true
        }
      ]
    },
    {
      "module": "module.nlb",
      "mode": "managed",
      "type": "aws_lb_target_group_attachment",
      "name": "this",
      "provider": "provider[\"registry.terraform.io/hashicorp/aws\"].anto11200",
      "instances": [
        {
          "index_key": "ex-target",
          "schema_version": 0,
          "attributes": {
            "availability_zone": null,
            "id": "arn:aws:elasticloadbalancing:eu-west-1:787738647213:targetgroup/tf-20250719124259636200000003/c97d957cede8887f-20250719124301387500000004",
            "port": 27017,
            "region": "eu-west-1",
            "target_group_arn": "arn:aws:elasticloadbalancing:eu-west-1:787738647213:targetgroup/tf-20250719124259636200000003/c97d957cede8887f",
            "target_id": "10.0.0.35"
          },
          "sensitive_attributes": [],
          "identity_schema_version": 0,
          "private": "bnVsbA==",
          "dependencies": [
            "aws_docdb_cluster.docdb",
            "aws_docdb_cluster_instance.default",
            "aws_docdb_subnet_group.weather_scanner_docdb_subnet_group",
            "aws_security_group.docdb_sg",
            "data.aws_availability_zones.available_eu",
            "data.dns_a_record_set.docdb_dynamic_ip",
            "module.nlb.aws_lambda_permission.this",
            "module.nlb.aws_lb_target_group.this",
            "module.nlb.data.aws_partition.current",
            "module.vpc_docdb.aws_subnet.public",
            "module.vpc_docdb.aws_vpc.this",
            "module.vpc_docdb.aws_vpc_ipv4_cidr_block_association.this"
          ]
        }
      ]
    },
    {
      "module": "module.nlb",
      "mode": "managed",
      "type": "aws_route53_record",
      "name": "this",
      "provider": "provider[\"registry.terraform.io/hashicorp/aws\"].anto11200",
      "instances": [
        {
          "index_key": "weather-scanner-aws",
          "schema_version": 2,
          "attributes": {
            "alias": [
              {
                "evaluate_target_health": true,
                "name": "weather-scanner-nlb-2161cf7646e2823c.elb.eu-west-1.amazonaws.com",
                "zone_id": "Z2IFOLAFXWLO4F"
              }
            ],
            "allow_overwrite": null,
            "cidr_routing_policy": [],
            "failover_routing_policy": [],
            "fqdn": "documentdb.weather-scanner-aws.com",
            "geolocation_routing_policy": [],
            "geoproximity_routing_policy": [],
            "health_check_id": "",
            "id": "Z0514010F7KP12HO7IE2_documentdb_A",
            "latency_routing_policy": [],
            "multivalue_answer_routing_policy": false,
            "name": "documentdb",
            "records": null,
            "set_identifier": "",
            "timeouts": null,
            "ttl": 0,
            "type": "A",
            "weighted_routing_policy": [],
            "zone_id": "Z0514010F7KP12HO7IE2"
          },
          "sensitive_attributes": [],
          "identity_schema_version": 0,
          "private": "eyJlMmJmYjczMC1lY2FhLTExZTYtOGY4OC0zNDM2M2JjN2M0YzAiOnsiY3JlYXRlIjoxODAwMDAwMDAwMDAwLCJkZWxldGUiOjE4MDAwMDAwMDAwMDAsInVwZGF0ZSI6MTgwMDAwMDAwMDAwMH0sInNjaGVtYV92ZXJzaW9uIjoiMiJ9",
          "dependencies": [
            "data.aws_availability_zones.available_eu",
            "module.nlb.aws_lb.this",
            "module.nlb.aws_security_group.this",
            "module.vpc_docdb.aws_subnet.public",
            "module.vpc_docdb.aws_vpc.this",
            "module.vpc_docdb.aws_vpc_ipv4_cidr_block_association.this",
            "module.zones.aws_route53_zone.this"
          ]
        }
      ]
    },
    {
      "module": "module.nlb",
      "mode": "managed",
      "type": "aws_security_group",
      "name": "this",
      "provider": "provider[\"registry.terraform.io/hashicorp/aws\"].anto11200",
      "instances": [
        {
          "index_key": 0,
          "schema_version": 1,
          "attributes": {
            "arn": "arn:aws:ec2:eu-west-1:787738647213:security-group/sg-01784f657754624c1",
            "description": "Security group for weather-scanner-nlb network load balancer",
            "egress": [
              {
                "cidr_blocks": [
                  "0.0.0.0/0"
                ],
                "description": "",
                "from_port": 0,
                "ipv6_cidr_blocks": [],
                "prefix_list_ids": [],
                "protocol": "-1",
                "security_groups": [],
                "self": false,
                "to_port": 0
              }
            ],
            "id": "sg-01784f657754624c1",
            "ingress": [
              {
                "cidr_blocks": [
                  "0.0.0.0/0"
                ],
                "description": "MongoDB traffic",
                "from_port": 27017,
                "ipv6_cidr_blocks": [],
                "prefix_list_ids": [],
                "protocol": "tcp",
                "security_groups": [],
                "self": false,
                "to_port": 27017
              }
            ],
            "name": "weather-scanner-nlb-20250719123839368700000001",
            "name_prefix": "weather-scanner-nlb-",
            "owner_id": "787738647213",
            "region": "eu-west-1",
            "revoke_rules_on_delete": false,
            "tags": {
              "Environment": "Development",
              "terraform-aws-modules": "alb"
            },
            "tags_all": {
              "Environment": "Development",
              "terraform-aws-modules": "alb"
            },
            "timeouts": null,
            "vpc_id": "vpc-0cb15612c1f91920b"
          },
          "sensitive_attributes": [],
          "identity_schema_version": 0,
          "private": "eyJlMmJmYjczMC1lY2FhLTExZTYtOGY4OC0zNDM2M2JjN2M0YzAiOnsiY3JlYXRlIjo2MDAwMDAwMDAwMDAsImRlbGV0ZSI6OTAwMDAwMDAwMDAwfSwic2NoZW1hX3ZlcnNpb24iOiIxIn0=",
          "dependencies": [
            "module.vpc_docdb.aws_vpc.this"
          ],
          "create_before_destroy": true
        }
      ]
    },
    {
      "module": "module.nlb",
      "mode": "managed",
      "type": "aws_vpc_security_group_egress_rule",
      "name": "this",
      "provider": "provider[\"registry.terraform.io/hashicorp/aws\"].anto11200",
      "instances": [
        {
          "index_key": "all",
          "schema_version": 0,
          "attributes": {
            "arn": "arn:aws:ec2:eu-west-1:787738647213:security-group-rule/sgr-01685577fb8522290",
            "cidr_ipv4": "0.0.0.0/0",
            "cidr_ipv6": null,
            "description": null,
            "from_port": null,
            "id": "sgr-01685577fb8522290",
            "ip_protocol": "-1",
            "prefix_list_id": null,
            "referenced_security_group_id": null,
            "region": "eu-west-1",
            "security_group_id": "sg-01784f657754624c1",
            "security_group_rule_id": "sgr-01685577fb8522290",
            "tags": {
              "Environment": "Development",
              "terraform-aws-modules": "alb"
            },
            "tags_all": {
              "Environment": "Development",
              "terraform-aws-modules": "alb"
            },
            "to_port": null
          },
          "sensitive_attributes": [],
          "identity_schema_version": 0,
          "dependencies": [
            "module.nlb.aws_security_group.this",
            "module.vpc_docdb.aws_vpc.this"
          ]
        }
      ]
    },
    {
      "module": "module.nlb",
      "mode": "managed",
      "type": "aws_vpc_security_group_ingress_rule",
      "name": "this",
      "provider": "provider[\"registry.terraform.io/hashicorp/aws\"].anto11200",
      "instances": [
        {
          "index_key": "mongo_traffic",
          "schema_version": 0,
          "attributes": {
            "arn": "arn:aws:ec2:eu-west-1:787738647213:security-group-rule/sgr-0ed7d3c7ff07aeb61",
            "cidr_ipv4": "0.0.0.0/0",
            "cidr_ipv6": null,
            "description": "MongoDB traffic",
            "from_port": 27017,
            "id": "sgr-0ed7d3c7ff07aeb61",
            "ip_protocol": "tcp",
            "prefix_list_id": null,
            "referenced_security_group_id": null,
            "region": "eu-west-1",
            "security_group_id": "sg-01784f657754624c1",
            "security_group_rule_id": "sgr-0ed7d3c7ff07aeb61",
            "tags": {
              "Environment": "Development",
              "terraform-aws-modules": "alb"
            },
            "tags_all": {
              "Environment": "Development",
              "terraform-aws-modules": "alb"
            },
            "to_port": 27017
          },
          "sensitive_attributes": [],
          "identity_schema_version": 0,
          "dependencies": [
            "module.nlb.aws_security_group.this",
            "module.vpc_docdb.aws_vpc.this"
          ]
        }
      ]
    },
    {
      "module": "module.vpc_docdb",
      "mode": "managed",
      "type": "aws_default_network_acl",
      "name": "this",
      "provider": "provider[\"registry.terraform.io/hashicorp/aws\"].anto11200",
      "instances": [
        {
          "index_key": 0,
          "schema_version": 0,
          "attributes": {
            "arn": "arn:aws:ec2:eu-west-1:787738647213:network-acl/acl-08713e018a9d978fa",
            "default_network_acl_id": "acl-08713e018a9d978fa",
            "egress": [
              {
                "action": "allow",
                "cidr_block": "",
                "from_port": 0,
                "icmp_code": 0,
                "icmp_type": 0,
                "ipv6_cidr_block": "::/0",
                "protocol": "-1",
                "rule_no": 101,
                "to_port": 0
              },
              {
                "action": "allow",
                "cidr_block": "0.0.0.0/0",
                "from_port": 0,
                "icmp_code": 0,
                "icmp_type": 0,
                "ipv6_cidr_block": "",
                "protocol": "-1",
                "rule_no": 100,
                "to_port": 0
              }
            ],
            "id": "acl-08713e018a9d978fa",
            "ingress": [
              {
                "action": "allow",
                "cidr_block": "",
                "from_port": 0,
                "icmp_code": 0,
                "icmp_type": 0,
                "ipv6_cidr_block": "::/0",
                "protocol": "-1",
                "rule_no": 101,
                "to_port": 0
              },
              {
                "action": "allow",
                "cidr_block": "0.0.0.0/0",
                "from_port": 0,
                "icmp_code": 0,
                "icmp_type": 0,
                "ipv6_cidr_block": "",
                "protocol": "-1",
                "rule_no": 100,
                "to_port": 0
              }
            ],
            "owner_id": "787738647213",
            "region": "eu-west-1",
            "subnet_ids": [
              "subnet-01df2e321b3bdf15a",
              "subnet-085e5ebf47f4d9e1b"
            ],
            "tags": {
              "Environment": "dev",
              "Name": "weather-scanner-vpc-default",
              "Terraform": "true"
            },
            "tags_all": {
              "Environment": "dev",
              "Name": "weather-scanner-vpc-default",
              "Terraform": "true"
            },
            "vpc_id": "vpc-0cb15612c1f91920b"
          },
          "sensitive_attributes": [],
          "identity_schema_version": 0,
          "private": "bnVsbA==",
          "dependencies": [
            "module.vpc_docdb.aws_vpc.this"
          ]
        }
      ]
    },
    {
      "module": "module.vpc_docdb",
      "mode": "managed",
      "type": "aws_default_route_table",
      "name": "default",
      "provider": "provider[\"registry.terraform.io/hashicorp/aws\"].anto11200",
      "instances": [
        {
          "index_key": 0,
          "schema_version": 0,
          "attributes": {
            "arn": "arn:aws:ec2:eu-west-1:787738647213:route-table/rtb-01c0e9588acc81147",
            "default_route_table_id": "rtb-01c0e9588acc81147",
            "id": "rtb-01c0e9588acc81147",
            "owner_id": "787738647213",
            "propagating_vgws": [],
            "region": "eu-west-1",
            "route": [],
            "tags": {
              "Environment": "dev",
              "Name": "weather-scanner-vpc-default",
              "Terraform": "true"
            },
            "tags_all": {
              "Environment": "dev",
              "Name": "weather-scanner-vpc-default",
              "Terraform": "true"
            },
            "timeouts": {
              "create": "5m",
              "update": "5m"
            },
            "vpc_id": "vpc-0cb15612c1f91920b"
          },
          "sensitive_attributes": [],
          "identity_schema_version": 0,
          "private": "eyJlMmJmYjczMC1lY2FhLTExZTYtOGY4OC0zNDM2M2JjN2M0YzAiOnsiY3JlYXRlIjozMDAwMDAwMDAwMDAsInVwZGF0ZSI6MzAwMDAwMDAwMDAwfX0=",
          "dependencies": [
            "module.vpc_docdb.aws_vpc.this"
          ]
        }
      ]
    },
    {
      "module": "module.vpc_docdb",
      "mode": "managed",
      "type": "aws_default_security_group",
      "name": "this",
      "provider": "provider[\"registry.terraform.io/hashicorp/aws\"].anto11200",
      "instances": [
        {
          "index_key": 0,
          "schema_version": 1,
          "attributes": {
            "arn": "arn:aws:ec2:eu-west-1:787738647213:security-group/sg-0b7cc17e70e0dc888",
            "description": "default VPC security group",
            "egress": [],
            "id": "sg-0b7cc17e70e0dc888",
            "ingress": [],
            "name": "default",
            "name_prefix": "",
            "owner_id": "787738647213",
            "region": "eu-west-1",
            "revoke_rules_on_delete": false,
            "tags": {
              "Environment": "dev",
              "Name": "weather-scanner-vpc-default",
              "Terraform": "true"
            },
            "tags_all": {
              "Environment": "dev",
              "Name": "weather-scanner-vpc-default",
              "Terraform": "true"
            },
            "vpc_id": "vpc-0cb15612c1f91920b"
          },
          "sensitive_attributes": [],
          "identity_schema_version": 0,
          "private": "eyJzY2hlbWFfdmVyc2lvbiI6IjEifQ==",
          "dependencies": [
            "module.vpc_docdb.aws_vpc.this"
          ]
        }
      ]
    },
    {
      "module": "module.vpc_docdb",
      "mode": "managed",
      "type": "aws_internet_gateway",
      "name": "this",
      "provider": "provider[\"registry.terraform.io/hashicorp/aws\"].anto11200",
      "instances": [
        {
          "index_key": 0,
          "schema_version": 0,
          "attributes": {
            "arn": "arn:aws:ec2:eu-west-1:787738647213:internet-gateway/igw-06a05fbf19f73796c",
            "id": "igw-06a05fbf19f73796c",
            "owner_id": "787738647213",
            "region": "eu-west-1",
            "tags": {
              "Environment": "dev",
              "Name": "weather-scanner-vpc",
              "Terraform": "true"
            },
            "tags_all": {
              "Environment": "dev",
              "Name": "weather-scanner-vpc",
              "Terraform": "true"
            },
            "timeouts": null,
            "vpc_id": "vpc-0cb15612c1f91920b"
          },
          "sensitive_attributes": [],
          "identity_schema_version": 0,
          "private": "eyJlMmJmYjczMC1lY2FhLTExZTYtOGY4OC0zNDM2M2JjN2M0YzAiOnsiY3JlYXRlIjoxMjAwMDAwMDAwMDAwLCJkZWxldGUiOjEyMDAwMDAwMDAwMDAsInVwZGF0ZSI6MTIwMDAwMDAwMDAwMH19",
          "dependencies": [
            "module.vpc_docdb.aws_vpc.this",
            "module.vpc_docdb.aws_vpc_ipv4_cidr_block_association.this"
          ]
        }
      ]
    },
    {
      "module": "module.vpc_docdb",
      "mode": "managed",
      "type": "aws_route",
      "name": "public_internet_gateway",
      "provider": "provider[\"registry.terraform.io/hashicorp/aws\"].anto11200",
      "instances": [
        {
          "index_key": 0,
          "schema_version": 0,
          "attributes": {
            "carrier_gateway_id": "",
            "core_network_arn": "",
            "destination_cidr_block": "0.0.0.0/0",
            "destination_ipv6_cidr_block": "",
            "destination_prefix_list_id": "",
            "egress_only_gateway_id": "",
            "gateway_id": "igw-06a05fbf19f73796c",
            "id": "r-rtb-0af81d31e3e8125cd1080289494",
            "instance_id": "",
            "instance_owner_id": "",
            "local_gateway_id": "",
            "nat_gateway_id": "",
            "network_interface_id": "",
            "origin": "CreateRoute",
            "region": "eu-west-1",
            "route_table_id": "rtb-0af81d31e3e8125cd",
            "state": "active",
            "timeouts": {
              "create": "5m",
              "delete": null,
              "update": null
            },
            "transit_gateway_id": "",
            "vpc_endpoint_id": "",
            "vpc_peering_connection_id": ""
          },
          "sensitive_attributes": [],
          "identity_schema_version": 0,
          "private": "eyJlMmJmYjczMC1lY2FhLTExZTYtOGY4OC0zNDM2M2JjN2M0YzAiOnsiY3JlYXRlIjozMDAwMDAwMDAwMDAsImRlbGV0ZSI6MzAwMDAwMDAwMDAwLCJ1cGRhdGUiOjEyMDAwMDAwMDAwMH19",
          "dependencies": [
            "module.vpc_docdb.aws_internet_gateway.this",
            "module.vpc_docdb.aws_route_table.public",
            "module.vpc_docdb.aws_vpc.this",
            "module.vpc_docdb.aws_vpc_ipv4_cidr_block_association.this"
          ]
        }
      ]
    },
    {
      "module": "module.vpc_docdb",
      "mode": "managed",
      "type": "aws_route_table",
      "name": "public",
      "provider": "provider[\"registry.terraform.io/hashicorp/aws\"].anto11200",
      "instances": [
        {
          "index_key": 0,
          "schema_version": 0,
          "attributes": {
            "arn": "arn:aws:ec2:eu-west-1:787738647213:route-table/rtb-0af81d31e3e8125cd",
            "id": "rtb-0af81d31e3e8125cd",
            "owner_id": "787738647213",
            "propagating_vgws": [],
            "region": "eu-west-1",
            "route": [
              {
                "carrier_gateway_id": "",
                "cidr_block": "0.0.0.0/0",
                "core_network_arn": "",
                "destination_prefix_list_id": "",
                "egress_only_gateway_id": "",
                "gateway_id": "igw-06a05fbf19f73796c",
                "ipv6_cidr_block": "",
                "local_gateway_id": "",
                "nat_gateway_id": "",
                "network_interface_id": "",
                "transit_gateway_id": "",
                "vpc_endpoint_id": "",
                "vpc_peering_connection_id": ""
              }
            ],
            "tags": {
              "Environment": "dev",
              "Name": "weather-scanner-vpc-public",
              "Terraform": "true"
            },
            "tags_all": {
              "Environment": "dev",
              "Name": "weather-scanner-vpc-public",
              "Terraform": "true"
            },
            "timeouts": null,
            "vpc_id": "vpc-0cb15612c1f91920b"
          },
          "sensitive_attributes": [],
          "identity_schema_version": 0,
          "private": "eyJlMmJmYjczMC1lY2FhLTExZTYtOGY4OC0zNDM2M2JjN2M0YzAiOnsiY3JlYXRlIjozMDAwMDAwMDAwMDAsImRlbGV0ZSI6MzAwMDAwMDAwMDAwLCJ1cGRhdGUiOjEyMDAwMDAwMDAwMH19",
          "dependencies": [
            "module.vpc_docdb.aws_vpc.this",
            "module.vpc_docdb.aws_vpc_ipv4_cidr_block_association.this"
          ]
        }
      ]
    },
    {
      "module": "module.vpc_docdb",
      "mode": "managed",
      "type": "aws_route_table_association",
      "name": "public",
      "provider": "provider[\"registry.terraform.io/hashicorp/aws\"].anto11200",
      "instances": [
        {
          "index_key": 0,
          "schema_version": 0,
          "attributes": {
            "gateway_id": "",
            "id": "rtbassoc-0b79654a274188ee1",
            "region": "eu-west-1",
            "route_table_id": "rtb-0af81d31e3e8125cd",
            "subnet_id": "subnet-01df2e321b3bdf15a",
            "timeouts": null
          },
          "sensitive_attributes": [],
          "identity_schema_version": 0,
          "private": "eyJlMmJmYjczMC1lY2FhLTExZTYtOGY4OC0zNDM2M2JjN2M0YzAiOnsiY3JlYXRlIjozMDAwMDAwMDAwMDAsImRlbGV0ZSI6MzAwMDAwMDAwMDAwLCJ1cGRhdGUiOjEyMDAwMDAwMDAwMH19",
          "dependencies": [
            "data.aws_availability_zones.available_eu",
            "module.vpc_docdb.aws_route_table.public",
            "module.vpc_docdb.aws_subnet.public",
            "module.vpc_docdb.aws_vpc.this",
            "module.vpc_docdb.aws_vpc_ipv4_cidr_block_association.this"
          ]
        },
        {
          "index_key": 1,
          "schema_version": 0,
          "attributes": {
            "gateway_id": "",
            "id": "rtbassoc-0010ff8c5d59ef201",
            "region": "eu-west-1",
            "route_table_id": "rtb-0af81d31e3e8125cd",
            "subnet_id": "subnet-085e5ebf47f4d9e1b",
            "timeouts": null
          },
          "sensitive_attributes": [],
          "identity_schema_version": 0,
          "private": "eyJlMmJmYjczMC1lY2FhLTExZTYtOGY4OC0zNDM2M2JjN2M0YzAiOnsiY3JlYXRlIjozMDAwMDAwMDAwMDAsImRlbGV0ZSI6MzAwMDAwMDAwMDAwLCJ1cGRhdGUiOjEyMDAwMDAwMDAwMH19",
          "dependencies": [
            "data.aws_availability_zones.available_eu",
            "module.vpc_docdb.aws_route_table.public",
            "module.vpc_docdb.aws_subnet.public",
            "module.vpc_docdb.aws_vpc.this",
            "module.vpc_docdb.aws_vpc_ipv4_cidr_block_association.this"
          ]
        }
      ]
    },
    {
      "module": "module.vpc_docdb",
      "mode": "managed",
      "type": "aws_subnet",
      "name": "public",
      "provider": "provider[\"registry.terraform.io/hashicorp/aws\"].anto11200",
      "instances": [
        {
          "index_key": 0,
          "schema_version": 1,
          "attributes": {
            "arn": "arn:aws:ec2:eu-west-1:787738647213:subnet/subnet-01df2e321b3bdf15a",
            "assign_ipv6_address_on_creation": false,
            "availability_zone": "eu-west-1a",
            "availability_zone_id": "euw1-az1",
            "cidr_block": "10.0.0.0/24",
            "customer_owned_ipv4_pool": "",
            "enable_dns64": false,
            "enable_lni_at_device_index": 0,
            "enable_resource_name_dns_a_record_on_launch": false,
            "enable_resource_name_dns_aaaa_record_on_launch": false,
            "id": "subnet-01df2e321b3bdf15a",
            "ipv6_cidr_block": "",
            "ipv6_cidr_block_association_id": "",
            "ipv6_native": false,
            "map_customer_owned_ip_on_launch": false,
            "map_public_ip_on_launch": false,
            "outpost_arn": "",
            "owner_id": "787738647213",
            "private_dns_hostname_type_on_launch": "ip-name",
            "region": "eu-west-1",
            "tags": {
              "Environment": "dev",
              "Name": "docdb-public-subnet-a",
              "Terraform": "true"
            },
            "tags_all": {
              "Environment": "dev",
              "Name": "docdb-public-subnet-a",
              "Terraform": "true"
            },
            "timeouts": null,
            "vpc_id": "vpc-0cb15612c1f91920b"
          },
          "sensitive_attributes": [],
          "identity_schema_version": 0,
          "private": "eyJlMmJmYjczMC1lY2FhLTExZTYtOGY4OC0zNDM2M2JjN2M0YzAiOnsiY3JlYXRlIjo2MDAwMDAwMDAwMDAsImRlbGV0ZSI6MTIwMDAwMDAwMDAwMH0sInNjaGVtYV92ZXJzaW9uIjoiMSJ9",
          "dependencies": [
            "data.aws_availability_zones.available_eu",
            "module.vpc_docdb.aws_vpc.this",
            "module.vpc_docdb.aws_vpc_ipv4_cidr_block_association.this"
          ],
          "create_before_destroy": true
        },
        {
          "index_key": 1,
          "schema_version": 1,
          "attributes": {
            "arn": "arn:aws:ec2:eu-west-1:787738647213:subnet/subnet-085e5ebf47f4d9e1b",
            "assign_ipv6_address_on_creation": false,
            "availability_zone": "eu-west-1b",
            "availability_zone_id": "euw1-az2",
            "cidr_block": "10.0.1.0/24",
            "customer_owned_ipv4_pool": "",
            "enable_dns64": false,
            "enable_lni_at_device_index": 0,
            "enable_resource_name_dns_a_record_on_launch": false,
            "enable_resource_name_dns_aaaa_record_on_launch": false,
            "id": "subnet-085e5ebf47f4d9e1b",
            "ipv6_cidr_block": "",
            "ipv6_cidr_block_association_id": "",
            "ipv6_native": false,
            "map_customer_owned_ip_on_launch": false,
            "map_public_ip_on_launch": false,
            "outpost_arn": "",
            "owner_id": "787738647213",
            "private_dns_hostname_type_on_launch": "ip-name",
            "region": "eu-west-1",
            "tags": {
              "Environment": "dev",
              "Name": "docdb-public-subnet-b",
              "Terraform": "true"
            },
            "tags_all": {
              "Environment": "dev",
              "Name": "docdb-public-subnet-b",
              "Terraform": "true"
            },
            "timeouts": null,
            "vpc_id": "vpc-0cb15612c1f91920b"
          },
          "sensitive_attributes": [],
          "identity_schema_version": 0,
          "private": "eyJlMmJmYjczMC1lY2FhLTExZTYtOGY4OC0zNDM2M2JjN2M0YzAiOnsiY3JlYXRlIjo2MDAwMDAwMDAwMDAsImRlbGV0ZSI6MTIwMDAwMDAwMDAwMH0sInNjaGVtYV92ZXJzaW9uIjoiMSJ9",
          "dependencies": [
            "data.aws_availability_zones.available_eu",
            "module.vpc_docdb.aws_vpc.this",
            "module.vpc_docdb.aws_vpc_ipv4_cidr_block_association.this"
          ],
          "create_before_destroy": true
        }
      ]
    },
    {
      "module": "module.vpc_docdb",
      "mode": "managed",
      "type": "aws_vpc",
      "name": "this",
      "provider": "provider[\"registry.terraform.io/hashicorp/aws\"].anto11200",
      "instances": [
        {
          "index_key": 0,
          "schema_version": 1,
          "attributes": {
            "arn": "arn:aws:ec2:eu-west-1:787738647213:vpc/vpc-0cb15612c1f91920b",
            "assign_generated_ipv6_cidr_block": false,
            "cidr_block": "10.0.0.0/16",
            "default_network_acl_id": "acl-08713e018a9d978fa",
            "default_route_table_id": "rtb-01c0e9588acc81147",
            "default_security_group_id": "sg-0b7cc17e70e0dc888",
            "dhcp_options_id": "dopt-0175c125b1404a5da",
            "enable_dns_hostnames": true,
            "enable_dns_support": true,
            "enable_network_address_usage_metrics": false,
            "id": "vpc-0cb15612c1f91920b",
            "instance_tenancy": "default",
            "ipv4_ipam_pool_id": null,
            "ipv4_netmask_length": null,
            "ipv6_association_id": "",
            "ipv6_cidr_block": "",
            "ipv6_cidr_block_network_border_group": "",
            "ipv6_ipam_pool_id": "",
            "ipv6_netmask_length": 0,
            "main_route_table_id": "rtb-01c0e9588acc81147",
            "owner_id": "787738647213",
            "region": "eu-west-1",
            "tags": {
              "Environment": "dev",
              "Name": "weather-scanner-vpc",
              "Terraform": "true"
            },
            "tags_all": {
              "Environment": "dev",
              "Name": "weather-scanner-vpc",
              "Terraform": "true"
            }
          },
          "sensitive_attributes": [],
          "identity_schema_version": 0,
          "private": "eyJzY2hlbWFfdmVyc2lvbiI6IjEifQ==",
          "create_before_destroy": true
        }
      ]
    },
    {
      "module": "module.zones",
      "mode": "managed",
      "type": "aws_route53_zone",
      "name": "this",
      "provider": "provider[\"registry.terraform.io/hashicorp/aws\"].anto11200",
      "instances": [
        {
          "index_key": "weather-scanner-aws.com",
          "schema_version": 0,
          "attributes": {
            "arn": "arn:aws:route53:::hostedzone/Z0514010F7KP12HO7IE2",
            "comment": "public dns personal",
            "delegation_set_id": "",
            "force_destroy": false,
            "id": "Z0514010F7KP12HO7IE2",
            "name": "weather-scanner-aws.com",
            "name_servers": [
              "ns-1216.awsdns-24.org",
              "ns-1957.awsdns-52.co.uk",
              "ns-375.awsdns-46.com",
              "ns-919.awsdns-50.net"
            ],
            "primary_name_server": "ns-919.awsdns-50.net",
            "tags": {
              "ManagedBy": "Terraform"
            },
            "tags_all": {
              "ManagedBy": "Terraform"
            },
            "timeouts": null,
            "vpc": [],
            "zone_id": "Z0514010F7KP12HO7IE2"
          },
          "sensitive_attributes": [],
          "identity_schema_version": 0,
          "private": "eyJlMmJmYjczMC1lY2FhLTExZTYtOGY4OC0zNDM2M2JjN2M0YzAiOnsiY3JlYXRlIjoxODAwMDAwMDAwMDAwLCJkZWxldGUiOjE4MDAwMDAwMDAwMDAsInVwZGF0ZSI6MTgwMDAwMDAwMDAwMH19"
        }
      ]
    }
  ],
  "check_results": null
}
