{
  "version": 4,
  "terraform_version": "1.12.2",
  "serial": 7,
  "lineage": "e84fddd9-f619-9aae-e17d-ae6136159fb7",
  "outputs": {},
  "resources": [
    {
      "mode": "managed",
      "type": "aws_vpc",
      "name": "main",
      "provider": "provider[\"registry.terraform.io/hashicorp/aws\"]",
      "instances": [
        {
          "schema_version": 1,
          "attributes": {
            "arn": "arn:aws:ec2:us-east-1:116695809482:vpc/vpc-0ece83371ffd747c3",
            "assign_generated_ipv6_cidr_block": false,
            "cidr_block": "10.0.0.0/16",
            "default_network_acl_id": "acl-05c69a744bc96392f",
            "default_route_table_id": "rtb-0ca69c96493f92823",
            "default_security_group_id": "sg-009040ab59ebe2c2a",
            "dhcp_options_id": "dopt-05fffb28c07d0ecaf",
            "enable_dns_hostnames": false,
            "enable_dns_support": true,
            "enable_network_address_usage_metrics": false,
            "id": "vpc-0ece83371ffd747c3",
            "instance_tenancy": "default",
            "ipv4_ipam_pool_id": null,
            "ipv4_netmask_length": null,
            "ipv6_association_id": "",
            "ipv6_cidr_block": "",
            "ipv6_cidr_block_network_border_group": "",
            "ipv6_ipam_pool_id": "",
            "ipv6_netmask_length": 0,
            "main_route_table_id": "rtb-0ca69c96493f92823",
            "owner_id": "116695809482",
            "region": "us-east-1",
            "tags": {
              "Name": "weather-scanner"
            },
            "tags_all": {
              "Name": "weather-scanner"
            }
          },
          "sensitive_attributes": [],
          "identity_schema_version": 0,
          "private": "eyJzY2hlbWFfdmVyc2lvbiI6IjEifQ=="
        }
      ]
    }
  ],
  "check_results": null
}
