{
  "version": 4,
  "terraform_version": "1.12.2",
  "serial": 175,
  "lineage": "3aa53d09-16e6-a5da-78dd-be64f8a67b85",
  "outputs": {},
  "resources": [
    {
      "module": "module.bastion-host-vm",
      "mode": "managed",
      "type": "google_compute_instance",
      "name": "default",
      "provider": "provider[\"registry.terraform.io/hashicorp/google-beta\"]",
      "instances": [
        {
          "index_key": 0,
          "schema_version": 6,
          "attributes": {
            "advanced_machine_features": [],
            "allow_stopping_for_update": true,
            "attached_disk": [],
            "boot_disk": [
              {
                "auto_delete": true,
                "device_name": "persistent-disk-0",
                "disk_encryption_key_raw": "",
                "disk_encryption_key_rsa": "",
                "disk_encryption_key_sha256": "",
                "disk_encryption_service_account": "",
                "force_attach": false,
                "guest_os_features": [
                  "UEFI_COMPATIBLE",
                  "VIRTIO_SCSI_MULTIQUEUE",
                  "GVNIC"
                ],
                "initialize_params": [
                  {
                    "architecture": "X86_64",
                    "enable_confidential_compute": false,
                    "image": "https://www.googleapis.com/compute/beta/projects/debian-cloud/global/images/debian-11-bullseye-v20250709",
                    "labels": {},
                    "provisioned_iops": 0,
                    "provisioned_throughput": 0,
                    "resource_manager_tags": null,
                    "resource_policies": [],
                    "size": 10,
                    "snapshot": "",
                    "source_image_encryption_key": [],
                    "source_snapshot_encryption_key": [],
                    "storage_pool": "",
                    "type": "pd-balanced"
                  }
                ],
                "interface": "",
                "kms_key_self_link": "",
                "mode": "READ_WRITE",
                "source": "https://www.googleapis.com/compute/v1/projects/weatherscanner-466411/zones/europe-west12-b/disks/gke-bastion-host"
              }
            ],
            "can_ip_forward": false,
            "confidential_instance_config": [],
            "cpu_platform": "Intel Broadwell",
            "creation_timestamp": "2025-07-24T13:07:20.740-07:00",
            "current_status": "RUNNING",
            "deletion_protection": false,
            "description": "Managed by the compute-vm Terraform module.",
            "desired_status": null,
            "effective_labels": {
              "goog-terraform-provisioned": "true"
            },
            "enable_display": false,
            "guest_accelerator": [],
            "hostname": "",
            "id": "projects/weatherscanner-466411/zones/europe-west12-b/instances/gke-bastion-host",
            "instance_encryption_key": [],
            "instance_id": "2738711484471127191",
            "key_revocation_action_type": "",
            "label_fingerprint": "vezUS-42LLM=",
            "labels": null,
            "machine_type": "e2-micro",
            "metadata": null,
            "metadata_fingerprint": "kUaTYe-jWHU=",
            "metadata_startup_script": null,
            "min_cpu_platform": "",
            "name": "gke-bastion-host",
            "network_interface": [
              {
                "access_config": [],
                "alias_ip_range": [],
                "internal_ipv6_prefix_length": 0,
                "ipv6_access_config": [],
                "ipv6_access_type": "",
                "ipv6_address": "",
                "name": "nic0",
                "network": "https://www.googleapis.com/compute/v1/projects/weatherscanner-466411/global/networks/weatherscanner-vpc",
                "network_attachment": "",
                "network_ip": "10.0.2.2",
                "nic_type": "",
                "queue_count": 0,
                "security_policy": "",
                "stack_type": "IPV4_ONLY",
                "subnetwork": "https://www.googleapis.com/compute/v1/projects/weatherscanner-466411/regions/europe-west12/subnetworks/gke-bastion-host",
                "subnetwork_project": "weatherscanner-466411"
              }
            ],
            "network_performance_config": [],
            "params": [],
            "partner_metadata": null,
            "project": "weatherscanner-466411",
            "reservation_affinity": [],
            "resource_policies": null,
            "scheduling": [
              {
                "automatic_restart": true,
                "availability_domain": 0,
                "graceful_shutdown": [],
                "host_error_timeout_seconds": 0,
                "instance_termination_action": "",
                "local_ssd_recovery_timeout": [],
                "maintenance_interval": "",
                "max_run_duration": [],
                "min_node_cpus": 0,
                "node_affinities": [],
                "on_host_maintenance": "MIGRATE",
                "on_instance_stop_action": [],
                "preemptible": false,
                "provisioning_model": "STANDARD",
                "termination_time": ""
              }
            ],
            "scratch_disk": [],
            "self_link": "https://www.googleapis.com/compute/v1/projects/weatherscanner-466411/zones/europe-west12-b/instances/gke-bastion-host",
            "service_account": [
              {
                "email": "bastion-sa@weatherscanner-466411.iam.gserviceaccount.com",
                "scopes": [
                  "https://www.googleapis.com/auth/cloud-platform",
                  "https://www.googleapis.com/auth/userinfo.email"
                ]
              }
            ],
            "shielded_instance_config": [
              {
                "enable_integrity_monitoring": true,
                "enable_secure_boot": false,
                "enable_vtpm": true
              }
            ],
            "tags": null,
            "tags_fingerprint": "42WmSpB8rSM=",
            "terraform_labels": {
              "goog-terraform-provisioned": "true"
            },
            "timeouts": null,
            "zone": "europe-west12-b"
          },
          "sensitive_attributes": [
            [
              {
                "type": "get_attr",
                "value": "boot_disk"
              },
              {
                "type": "index",
                "value": {
                  "value": 0,
                  "type": "number"
                }
              },
              {
                "type": "get_attr",
                "value": "disk_encryption_key_raw"
              }
            ],
            [
              {
                "type": "get_attr",
                "value": "boot_disk"
              },
              {
                "type": "index",
                "value": {
                  "value": 0,
                  "type": "number"
                }
              },
              {
                "type": "get_attr",
                "value": "disk_encryption_key_rsa"
              }
            ]
          ],
          "identity_schema_version": 0,
          "private": "eyJlMmJmYjczMC1lY2FhLTExZTYtOGY4OC0zNDM2M2JjN2M0YzAiOnsiY3JlYXRlIjoxMjAwMDAwMDAwMDAwLCJkZWxldGUiOjEyMDAwMDAwMDAwMDAsInVwZGF0ZSI6MTIwMDAwMDAwMDAwMH0sInNjaGVtYV92ZXJzaW9uIjoiNiJ9",
          "dependencies": [
            "module.bastion-host-vm.google_compute_disk.boot",
            "module.bastion-host-vm.google_compute_disk.disks",
            "module.bastion-host-vm.google_compute_region_disk.disks",
            "module.bastion-host-vm.google_compute_resource_policy.schedule",
            "module.bastion-host-vm.google_service_account.service_account",
            "module.bastion-service-account.data.google_service_account.service_account",
            "module.bastion-service-account.google_service_account.service_account",
            "module.project-gcp.data.google_bigquery_default_service_account.bq_sa",
            "module.project-gcp.data.google_project.project",
            "module.project-gcp.data.google_storage_project_service_account.gcs_sa",
            "module.project-gcp.google_access_context_manager_service_perimeter_dry_run_resource.default",
            "module.project-gcp.google_access_context_manager_service_perimeter_resource.default",
            "module.project-gcp.google_compute_shared_vpc_host_project.shared_vpc_host",
            "module.project-gcp.google_compute_shared_vpc_service_project.service_projects",
            "module.project-gcp.google_compute_shared_vpc_service_project.shared_vpc_service",
            "module.project-gcp.google_kms_crypto_key_iam_member.service_agent_cmek",
            "module.project-gcp.google_org_policy_policy.default",
            "module.project-gcp.google_project.project",
            "module.project-gcp.google_project_default_service_accounts.default_service_accounts",
            "module.project-gcp.google_project_iam_member.service_agents",
            "module.project-gcp.google_project_iam_member.shared_vpc_host_robots",
            "module.project-gcp.google_project_service.project_services",
            "module.project-gcp.google_project_service_identity.default",
            "module.vpc-gcp.google_compute_global_address.psa_ranges",
            "module.vpc-gcp.google_compute_network.network",
            "module.vpc-gcp.google_compute_network_peering.local",
            "module.vpc-gcp.google_compute_network_peering.remote",
            "module.vpc-gcp.google_compute_shared_vpc_host_project.shared_vpc_host",
            "module.vpc-gcp.google_compute_shared_vpc_service_project.service_projects",
            "module.vpc-gcp.google_compute_subnetwork.proxy_only",
            "module.vpc-gcp.google_compute_subnetwork.subnetwork",
            "module.vpc-gcp.google_service_networking_connection.psa_connection"
          ]
        }
      ]
    },
    {
      "module": "module.bastion-service-account",
      "mode": "managed",
      "type": "google_project_iam_member",
      "name": "project-roles",
      "provider": "provider[\"registry.terraform.io/hashicorp/google\"]",
      "instances": [
        {
          "index_key": "weatherscanner-466411-roles/container.clusterViewer",
          "schema_version": 0,
          "attributes": {
            "condition": [],
            "etag": "BwY6sl2+nG4=",
            "id": "weatherscanner-466411/roles/container.clusterViewer/serviceAccount:bastion-sa@weatherscanner-466411.iam.gserviceaccount.com",
            "member": "serviceAccount:bastion-sa@weatherscanner-466411.iam.gserviceaccount.com",
            "project": "weatherscanner-466411",
            "role": "roles/container.clusterViewer"
          },
          "sensitive_attributes": [],
          "identity_schema_version": 0,
          "private": "bnVsbA==",
          "dependencies": [
            "module.bastion-service-account.data.google_service_account.service_account",
            "module.bastion-service-account.google_service_account.service_account",
            "module.project-gcp.data.google_bigquery_default_service_account.bq_sa",
            "module.project-gcp.data.google_project.project",
            "module.project-gcp.data.google_storage_project_service_account.gcs_sa",
            "module.project-gcp.google_access_context_manager_service_perimeter_dry_run_resource.default",
            "module.project-gcp.google_access_context_manager_service_perimeter_resource.default",
            "module.project-gcp.google_compute_shared_vpc_host_project.shared_vpc_host",
            "module.project-gcp.google_compute_shared_vpc_service_project.service_projects",
            "module.project-gcp.google_compute_shared_vpc_service_project.shared_vpc_service",
            "module.project-gcp.google_kms_crypto_key_iam_member.service_agent_cmek",
            "module.project-gcp.google_org_policy_policy.default",
            "module.project-gcp.google_project.project",
            "module.project-gcp.google_project_default_service_accounts.default_service_accounts",
            "module.project-gcp.google_project_iam_member.service_agents",
            "module.project-gcp.google_project_iam_member.shared_vpc_host_robots",
            "module.project-gcp.google_project_service.project_services",
            "module.project-gcp.google_project_service_identity.default"
          ]
        }
      ]
    },
    {
      "module": "module.bastion-service-account",
      "mode": "managed",
      "type": "google_service_account",
      "name": "service_account",
      "provider": "provider[\"registry.terraform.io/hashicorp/google\"]",
      "instances": [
        {
          "index_key": 0,
          "schema_version": 0,
          "attributes": {
            "account_id": "bastion-sa",
            "create_ignore_already_exists": null,
            "description": "",
            "disabled": false,
            "display_name": "Terraform-managed.",
            "email": "bastion-sa@weatherscanner-466411.iam.gserviceaccount.com",
            "id": "projects/weatherscanner-466411/serviceAccounts/bastion-sa@weatherscanner-466411.iam.gserviceaccount.com",
            "member": "serviceAccount:bastion-sa@weatherscanner-466411.iam.gserviceaccount.com",
            "name": "projects/weatherscanner-466411/serviceAccounts/bastion-sa@weatherscanner-466411.iam.gserviceaccount.com",
            "project": "weatherscanner-466411",
            "timeouts": null,
            "unique_id": "113626661483441522043"
          },
          "sensitive_attributes": [],
          "identity_schema_version": 0,
          "private": "eyJlMmJmYjczMC1lY2FhLTExZTYtOGY4OC0zNDM2M2JjN2M0YzAiOnsiY3JlYXRlIjozMDAwMDAwMDAwMDB9fQ==",
          "dependencies": [
            "module.project-gcp.data.google_bigquery_default_service_account.bq_sa",
            "module.project-gcp.data.google_project.project",
            "module.project-gcp.data.google_storage_project_service_account.gcs_sa",
            "module.project-gcp.google_access_context_manager_service_perimeter_dry_run_resource.default",
            "module.project-gcp.google_access_context_manager_service_perimeter_resource.default",
            "module.project-gcp.google_compute_shared_vpc_host_project.shared_vpc_host",
            "module.project-gcp.google_compute_shared_vpc_service_project.service_projects",
            "module.project-gcp.google_compute_shared_vpc_service_project.shared_vpc_service",
            "module.project-gcp.google_kms_crypto_key_iam_member.service_agent_cmek",
            "module.project-gcp.google_org_policy_policy.default",
            "module.project-gcp.google_project.project",
            "module.project-gcp.google_project_default_service_accounts.default_service_accounts",
            "module.project-gcp.google_project_iam_member.service_agents",
            "module.project-gcp.google_project_iam_member.shared_vpc_host_robots",
            "module.project-gcp.google_project_service.project_services",
            "module.project-gcp.google_project_service_identity.default"
          ],
          "create_before_destroy": true
        }
      ]
    },
    {
      "module": "module.bastion-service-account",
      "mode": "managed",
      "type": "google_service_account_iam_binding",
      "name": "authoritative",
      "provider": "provider[\"registry.terraform.io/hashicorp/google\"]",
      "instances": [
        {
          "index_key": "roles/iam.serviceAccountUser",
          "schema_version": 0,
          "attributes": {
            "condition": [],
            "etag": "BwY6sl2RvN0=",
            "id": "projects/weatherscanner-466411/serviceAccounts/bastion-sa@weatherscanner-466411.iam.gserviceaccount.com/roles/iam.serviceAccountUser",
            "members": [
              "serviceAccount:github-deploy-sa@weatherscanner-466411.iam.gserviceaccount.com"
            ],
            "role": "roles/iam.serviceAccountUser",
            "service_account_id": "projects/weatherscanner-466411/serviceAccounts/bastion-sa@weatherscanner-466411.iam.gserviceaccount.com"
          },
          "sensitive_attributes": [],
          "identity_schema_version": 0,
          "private": "bnVsbA==",
          "dependencies": [
            "module.bastion-service-account.data.google_service_account.service_account",
            "module.bastion-service-account.google_service_account.service_account",
            "module.github-service-account.data.google_service_account.service_account",
            "module.github-service-account.google_service_account.service_account",
            "module.project-gcp.data.google_bigquery_default_service_account.bq_sa",
            "module.project-gcp.data.google_project.project",
            "module.project-gcp.data.google_storage_project_service_account.gcs_sa",
            "module.project-gcp.google_access_context_manager_service_perimeter_dry_run_resource.default",
            "module.project-gcp.google_access_context_manager_service_perimeter_resource.default",
            "module.project-gcp.google_compute_shared_vpc_host_project.shared_vpc_host",
            "module.project-gcp.google_compute_shared_vpc_service_project.service_projects",
            "module.project-gcp.google_compute_shared_vpc_service_project.shared_vpc_service",
            "module.project-gcp.google_kms_crypto_key_iam_member.service_agent_cmek",
            "module.project-gcp.google_org_policy_policy.default",
            "module.project-gcp.google_project.project",
            "module.project-gcp.google_project_default_service_accounts.default_service_accounts",
            "module.project-gcp.google_project_iam_member.service_agents",
            "module.project-gcp.google_project_iam_member.shared_vpc_host_robots",
            "module.project-gcp.google_project_service.project_services",
            "module.project-gcp.google_project_service_identity.default"
          ]
        }
      ]
    },
    {
      "module": "module.cluster-gke",
      "mode": "managed",
      "type": "google_container_cluster",
      "name": "cluster",
      "provider": "provider[\"registry.terraform.io/hashicorp/google-beta\"]",
      "instances": [
        {
          "schema_version": 2,
          "attributes": {
            "addons_config": [
              {
                "cloudrun_config": [
                  {
                    "disabled": true,
                    "load_balancer_type": ""
                  }
                ],
                "config_connector_config": [
                  {
                    "enabled": false
                  }
                ],
                "dns_cache_config": [
                  {
                    "enabled": true
                  }
                ],
                "gce_persistent_disk_csi_driver_config": [
                  {
                    "enabled": true
                  }
                ],
                "gcp_filestore_csi_driver_config": [
                  {
                    "enabled": true
                  }
                ],
                "gcs_fuse_csi_driver_config": [
                  {
                    "enabled": true
                  }
                ],
                "gke_backup_agent_config": [
                  {
                    "enabled": false
                  }
                ],
                "horizontal_pod_autoscaling": [
                  {
                    "disabled": false
                  }
                ],
                "http_load_balancing": [
                  {
                    "disabled": false
                  }
                ],
                "istio_config": [
                  {
                    "auth": "",
                    "disabled": true
                  }
                ],
                "kalm_config": [
                  {
                    "enabled": false
                  }
                ],
                "network_policy_config": [
                  {
                    "disabled": true
                  }
                ],
                "parallelstore_csi_driver_config": [],
                "ray_operator_config": [],
                "stateful_ha_config": [
                  {
                    "enabled": false
                  }
                ]
              }
            ],
            "allow_net_admin": null,
            "anonymous_authentication_config": [
              {
                "mode": "ENABLED"
              }
            ],
            "authenticator_groups_config": [],
            "binary_authorization": [
              {
                "enabled": false,
                "evaluation_mode": ""
              }
            ],
            "cluster_autoscaling": [
              {
                "auto_provisioning_defaults": [],
                "auto_provisioning_locations": [],
                "autoscaling_profile": "BALANCED",
                "enabled": false,
                "resource_limits": []
              }
            ],
            "cluster_ipv4_cidr": "172.16.0.0/20",
            "cluster_telemetry": [
              {
                "type": "SYSTEM_ONLY"
              }
            ],
            "confidential_nodes": [],
            "control_plane_endpoints_config": [
              {
                "dns_endpoint_config": [
                  {
                    "allow_external_traffic": true,
                    "endpoint": "gke-4d7906059cc64b08a10656c5c3676231abee-886794755170.europe-west12.gke.goog"
                  }
                ],
                "ip_endpoints_config": [
                  {
                    "enabled": true
                  }
                ]
              }
            ],
            "cost_management_config": [
              {
                "enabled": true
              }
            ],
            "database_encryption": [
              {
                "key_name": "",
                "state": "DECRYPTED"
              }
            ],
            "datapath_provider": "ADVANCED_DATAPATH",
            "default_max_pods_per_node": 110,
            "default_snat_status": [
              {
                "disabled": false
              }
            ],
            "deletion_protection": false,
            "description": "",
            "disable_l4_lb_firewall_reconciliation": false,
            "dns_config": [],
            "effective_labels": {
              "environment": "dev",
              "goog-terraform-provisioned": "true"
            },
            "enable_autopilot": false,
            "enable_cilium_clusterwide_network_policy": false,
            "enable_fqdn_network_policy": true,
            "enable_intranode_visibility": false,
            "enable_k8s_beta_apis": [],
            "enable_kubernetes_alpha": false,
            "enable_l4_ilb_subsetting": false,
            "enable_legacy_abac": false,
            "enable_multi_networking": false,
            "enable_shielded_nodes": false,
            "enable_tpu": false,
            "endpoint": "10.0.1.2",
            "enterprise_config": [
              {
                "cluster_tier": "STANDARD",
                "desired_tier": ""
              }
            ],
            "fleet": [],
            "gateway_api_config": [],
            "gke_auto_upgrade_config": [],
            "id": "projects/weatherscanner-466411/locations/europe-west12/clusters/weather-scanner-gke",
            "identity_service_config": [],
            "in_transit_encryption_config": "",
            "initial_node_count": 1,
            "ip_allocation_policy": [
              {
                "additional_pod_ranges_config": [],
                "cluster_ipv4_cidr_block": "172.16.0.0/20",
                "cluster_secondary_range_name": "pods",
                "pod_cidr_overprovision_config": [
                  {
                    "disabled": false
                  }
                ],
                "services_ipv4_cidr_block": "192.168.0.0/24",
                "services_secondary_range_name": "services",
                "stack_type": "IPV4"
              }
            ],
            "label_fingerprint": "1c792951",
            "location": "europe-west12",
            "logging_config": [
              {
                "enable_components": [
                  "SYSTEM_COMPONENTS"
                ]
              }
            ],
            "logging_service": "logging.googleapis.com/kubernetes",
            "maintenance_policy": [
              {
                "daily_maintenance_window": [
                  {
                    "duration": "PT4H0M0S",
                    "start_time": "03:00"
                  }
                ],
                "maintenance_exclusion": [],
                "recurring_window": []
              }
            ],
            "master_auth": [
              {
                "client_certificate": "",
                "client_certificate_config": [
                  {
                    "issue_client_certificate": false
                  }
                ],
                "client_key": "",
                "cluster_ca_certificate": "LS0tLS1CRUdJTiBDRVJUSUZJQ0FURS0tLS0tCk1JSUVMVENDQXBXZ0F3SUJBZ0lSQVA4MTZ3NGdQTFNDWGgrOHJZbXJueUl3RFFZSktvWklodmNOQVFFTEJRQXcKTHpFdE1Dc0dBMVVFQXhNa1pEaG1OVEJpTUdRdFpHVmhOQzAwTVRoakxXRXpOMk10WVdKa01EQTNNRFpoWWpFeApNQ0FYRFRJMU1EY3lOREU1TURjeU1Gb1lEekl3TlRVd056RTNNakF3TnpJd1dqQXZNUzB3S3dZRFZRUURFeVJrCk9HWTFNR0l3WkMxa1pXRTBMVFF4T0dNdFlUTTNZeTFoWW1Rd01EY3dObUZpTVRFd2dnR2lNQTBHQ1NxR1NJYjMKRFFFQkFRVUFBNElCandBd2dnR0tBb0lCZ1FEYWFJc0hEVk5LWUxDVTJSYXkxRThQdzNCS2RlT09KaW1STGY0ZQpuZGpRQlNHTDgxNG02THBWT2N3bEhIZ21laEdPUWNqbnZxNDRpZmwySDdub0JzMFdTVE85Vk03dTNFRitDc09tCkVILzNsYWczejJuQUFVVW4zbGQ5Q3JuWXl5SnZsVHhxNW0wbWlPWThFcjZjYmh2TGF2R1JXbkl1aVk4SmVQT0kKM1ozNnJSWVdkd3JJNXVTT2ZzZU1vdVZpTnM1Nm5WUUw3R29xbzFiSWpNekZ1SC9ZbmtVdDRVYy9pa3FBUG5nZQpBUG9oZTFub0Jjc2lOUEVoMFo4UHZiSmNBQXFPZzYwV0kyN0U2cUhwbGFVV2dXOFJjY2tZS09NbCtrM3FFOUJKClRXRG5iTURtMmpNTUJ1U1lsbGVxZ3Y3YmZXbzRnQUVPTHd6NzRpWS9PcUpqcmxEUVc4WS9Nak1XUjJxWFFHclUKUUg4MEt1VnQ5YXBldGFadVZMcWpQL2pWTXR2Q0pFK25yTmh4RnEzN0ttVU5GRzNPTjcyekt6Y0puQkhyTWt4bAoxbUtYcklITnR6NXgvMms4eERYSXNXMzRNblNSdWt0b1d6bnRXdzVIZlRSWjZjY1NhdDBDYmdaRGxoK2RIaTk3Ck9RcHhEREdTdithNGprOUVLZnM0SzAvMkNCOENBd0VBQWFOQ01FQXdEZ1lEVlIwUEFRSC9CQVFEQWdJRU1BOEcKQTFVZEV3RUIvd1FGTUFNQkFmOHdIUVlEVlIwT0JCWUVGQUJjWlBkTzRSb2NyZEkyODJMakhoZGcyZmVpTUEwRwpDU3FHU0liM0RRRUJDd1VBQTRJQmdRQUxUUUFHZDFsZHovNy9UT1ZwSHlsOFRlbDJrWGJhTWFvL0ZieXRscUxBCmNHdTROSnQ5VzBzL2xlWFI4cEgrSVM5TnA5Qmh2TFRtOS8xQlBncmU3ck9QaTNpZVoyY2JwcTh6Umd2NFVsRFEKam9yOVlqQnkrdkhudlowRkRzWm0rRXMyT25neEY4Qk00VDhQWktiUi8rN2FGSUNraVhrOFRZcERNVGx2b2p6TwpqY1FPWUhrc0pmTEk1cXJrYkgzVDRudDdYa1g0U1RKdVhrekEvdE1zZFN2Q2llM05zNjRTZ2gwajkzMFRRWFlmCkpLMGhNc3FDM0t5VVpKYXM4MkhvTU9IaTQxNFhDWTAxZWptMHlJVS9MWG1KYTZsS0dyc3M4ZER4bFZyYkRSTkcKTVUyQjk0QnVqVFJueXhZM3gyQWt4RGhQa1FQVU5hZ0lqSTViblczUFdFREI0OEk3MWZZdlorS0FSUEVOWnNKcQprNGcrRjRRblo1bUp3NDdwVDFna1MrQmlQQzRoU0Q3U3F4V3M5MWthUE1kL3NLT1RweFEzaFg2Vk5ka1FHUkpZCkk2TW1EcjZIempYWUFUQkZRUmFjSnA5SCthT2lhR3BncHNSTmJ1Sm1xTU55WnV4aXZRM2Y1aHBtV1EvSklaRnMKTFVTTlVCbUhmdUFhZnNQbGlvUnh3Skk9Ci0tLS0tRU5EIENFUlRJRklDQVRFLS0tLS0K"
              }
            ],
            "master_authorized_networks_config": [
              {
                "cidr_blocks": [
                  {
                    "cidr_block": "10.0.2.0/28",
                    "display_name": "internal-vms"
                  }
                ],
                "gcp_public_cidrs_access_enabled": false,
                "private_endpoint_enforcement_enabled": true
              }
            ],
            "master_version": "1.32.4-gke.1415000",
            "mesh_certificates": [],
            "min_master_version": null,
            "monitoring_config": [
              {
                "advanced_datapath_observability_config": [
                  {
                    "enable_metrics": false,
                    "enable_relay": false
                  }
                ],
                "enable_components": [
                  "SYSTEM_COMPONENTS"
                ],
                "managed_prometheus": [
                  {
                    "auto_monitoring_config": [],
                    "enabled": true
                  }
                ]
              }
            ],
            "monitoring_service": "monitoring.googleapis.com/kubernetes",
            "name": "weather-scanner-gke",
            "network": "projects/weatherscanner-466411/global/networks/weatherscanner-vpc",
            "network_performance_config": [],
            "network_policy": [
              {
                "enabled": false,
                "provider": "PROVIDER_UNSPECIFIED"
              }
            ],
            "networking_mode": "VPC_NATIVE",
            "node_config": [
              {
                "advanced_machine_features": [],
                "boot_disk_kms_key": "",
                "confidential_nodes": [],
                "containerd_config": [],
                "disk_size_gb": 100,
                "disk_type": "pd-balanced",
                "effective_taints": [],
                "enable_confidential_storage": false,
                "ephemeral_storage_config": [],
                "ephemeral_storage_local_ssd_config": [],
                "fast_socket": [],
                "flex_start": false,
                "gcfs_config": [],
                "guest_accelerator": [],
                "gvnic": [],
                "host_maintenance_policy": [],
                "image_type": "COS_CONTAINERD",
                "kubelet_config": [
                  {
                    "allowed_unsafe_sysctls": [],
                    "container_log_max_files": 0,
                    "container_log_max_size": "",
                    "cpu_cfs_quota": false,
                    "cpu_cfs_quota_period": "",
                    "cpu_manager_policy": "",
                    "image_gc_high_threshold_percent": 0,
                    "image_gc_low_threshold_percent": 0,
                    "image_maximum_gc_age": "",
                    "image_minimum_gc_age": "",
                    "insecure_kubelet_readonly_port_enabled": "TRUE",
                    "pod_pids_limit": 0
                  }
                ],
                "labels": {},
                "linux_node_config": [],
                "local_nvme_ssd_block_config": [],
                "local_ssd_count": 0,
                "local_ssd_encryption_mode": "",
                "logging_variant": "DEFAULT",
                "machine_type": "e2-medium",
                "max_run_duration": "",
                "metadata": {
                  "disable-legacy-endpoints": "true"
                },
                "min_cpu_platform": "",
                "node_group": "",
                "oauth_scopes": [
                  "https://www.googleapis.com/auth/devstorage.read_only",
                  "https://www.googleapis.com/auth/logging.write",
                  "https://www.googleapis.com/auth/monitoring",
                  "https://www.googleapis.com/auth/service.management.readonly",
                  "https://www.googleapis.com/auth/servicecontrol",
                  "https://www.googleapis.com/auth/trace.append"
                ],
                "preemptible": false,
                "reservation_affinity": [],
                "resource_labels": {
                  "goog-gke-node-pool-provisioning-model": "on-demand"
                },
                "resource_manager_tags": null,
                "sandbox_config": [],
                "secondary_boot_disks": [],
                "service_account": "default",
                "shielded_instance_config": [
                  {
                    "enable_integrity_monitoring": true,
                    "enable_secure_boot": false
                  }
                ],
                "sole_tenant_config": [],
                "spot": false,
                "storage_pools": null,
                "tags": null,
                "taint": [],
                "windows_node_config": [
                  {
                    "osversion": ""
                  }
                ],
                "workload_metadata_config": [
                  {
                    "mode": "GKE_METADATA"
                  }
                ]
              }
            ],
            "node_locations": [
              "europe-west12-a",
              "europe-west12-b",
              "europe-west12-c"
            ],
            "node_pool": [
              {
                "autoscaling": [],
                "initial_node_count": 1,
                "instance_group_urls": [
                  "https://www.googleapis.com/compute/v1/projects/weatherscanner-466411/zones/europe-west12-c/instanceGroupManagers/gke-weather-scanner-gke-default-pool-f9a414bd-grp",
                  "https://www.googleapis.com/compute/v1/projects/weatherscanner-466411/zones/europe-west12-a/instanceGroupManagers/gke-weather-scanner-gke-default-pool-34ca5745-grp",
                  "https://www.googleapis.com/compute/v1/projects/weatherscanner-466411/zones/europe-west12-b/instanceGroupManagers/gke-weather-scanner-gke-default-pool-fed8170e-grp"
                ],
                "managed_instance_group_urls": [
                  "https://www.googleapis.com/compute/beta/projects/weatherscanner-466411/zones/europe-west12-c/instanceGroups/gke-weather-scanner-gke-default-pool-f9a414bd-grp",
                  "https://www.googleapis.com/compute/beta/projects/weatherscanner-466411/zones/europe-west12-a/instanceGroups/gke-weather-scanner-gke-default-pool-34ca5745-grp",
                  "https://www.googleapis.com/compute/beta/projects/weatherscanner-466411/zones/europe-west12-b/instanceGroups/gke-weather-scanner-gke-default-pool-fed8170e-grp"
                ],
                "management": [
                  {
                    "auto_repair": true,
                    "auto_upgrade": true
                  }
                ],
                "max_pods_per_node": 110,
                "name": "default-pool",
                "name_prefix": "",
                "network_config": [
                  {
                    "additional_node_network_configs": [],
                    "additional_pod_network_configs": [],
                    "create_pod_range": false,
                    "enable_private_nodes": true,
                    "network_performance_config": [],
                    "pod_cidr_overprovision_config": [],
                    "pod_ipv4_cidr_block": "172.16.0.0/20",
                    "pod_range": "pods"
                  }
                ],
                "node_config": [
                  {
                    "advanced_machine_features": [],
                    "boot_disk_kms_key": "",
                    "confidential_nodes": [],
                    "containerd_config": [],
                    "disk_size_gb": 100,
                    "disk_type": "pd-balanced",
                    "effective_taints": [],
                    "enable_confidential_storage": false,
                    "ephemeral_storage_config": [],
                    "ephemeral_storage_local_ssd_config": [],
                    "fast_socket": [],
                    "flex_start": false,
                    "gcfs_config": [],
                    "guest_accelerator": [],
                    "gvnic": [],
                    "host_maintenance_policy": [],
                    "image_type": "COS_CONTAINERD",
                    "kubelet_config": [
                      {
                        "allowed_unsafe_sysctls": [],
                        "container_log_max_files": 0,
                        "container_log_max_size": "",
                        "cpu_cfs_quota": false,
                        "cpu_cfs_quota_period": "",
                        "cpu_manager_policy": "",
                        "image_gc_high_threshold_percent": 0,
                        "image_gc_low_threshold_percent": 0,
                        "image_maximum_gc_age": "",
                        "image_minimum_gc_age": "",
                        "insecure_kubelet_readonly_port_enabled": "TRUE",
                        "pod_pids_limit": 0
                      }
                    ],
                    "labels": {},
                    "linux_node_config": [],
                    "local_nvme_ssd_block_config": [],
                    "local_ssd_count": 0,
                    "local_ssd_encryption_mode": "",
                    "logging_variant": "DEFAULT",
                    "machine_type": "e2-medium",
                    "max_run_duration": "",
                    "metadata": {
                      "disable-legacy-endpoints": "true"
                    },
                    "min_cpu_platform": "",
                    "node_group": "",
                    "oauth_scopes": [
                      "https://www.googleapis.com/auth/devstorage.read_only",
                      "https://www.googleapis.com/auth/logging.write",
                      "https://www.googleapis.com/auth/monitoring",
                      "https://www.googleapis.com/auth/service.management.readonly",
                      "https://www.googleapis.com/auth/servicecontrol",
                      "https://www.googleapis.com/auth/trace.append"
                    ],
                    "preemptible": false,
                    "reservation_affinity": [],
                    "resource_labels": {
                      "goog-gke-node-pool-provisioning-model": "on-demand"
                    },
                    "resource_manager_tags": {},
                    "sandbox_config": [],
                    "secondary_boot_disks": [],
                    "service_account": "default",
                    "shielded_instance_config": [
                      {
                        "enable_integrity_monitoring": true,
                        "enable_secure_boot": false
                      }
                    ],
                    "sole_tenant_config": [],
                    "spot": false,
                    "storage_pools": [],
                    "tags": [],
                    "taint": [],
                    "windows_node_config": [
                      {
                        "osversion": ""
                      }
                    ],
                    "workload_metadata_config": [
                      {
                        "mode": "GKE_METADATA"
                      }
                    ]
                  }
                ],
                "node_count": 1,
                "node_locations": [
                  "europe-west12-a",
                  "europe-west12-b",
                  "europe-west12-c"
                ],
                "placement_policy": [],
                "queued_provisioning": [],
                "upgrade_settings": [
                  {
                    "blue_green_settings": [],
                    "max_surge": 1,
                    "max_unavailable": 0,
                    "strategy": "SURGE"
                  }
                ],
                "version": "1.32.4-gke.1415000"
              }
            ],
            "node_pool_auto_config": [
              {
                "linux_node_config": [],
                "network_tags": [],
                "node_kubelet_config": [
                  {
                    "insecure_kubelet_readonly_port_enabled": "FALSE"
                  }
                ],
                "resource_manager_tags": {}
              }
            ],
            "node_pool_defaults": [
              {
                "node_config_defaults": [
                  {
                    "containerd_config": [],
                    "gcfs_config": [
                      {
                        "enabled": false
                      }
                    ],
                    "insecure_kubelet_readonly_port_enabled": "TRUE",
                    "logging_variant": "DEFAULT"
                  }
                ]
              }
            ],
            "node_version": "1.32.4-gke.1415000",
            "notification_config": [
              {
                "pubsub": [
                  {
                    "enabled": false,
                    "filter": [],
                    "topic": ""
                  }
                ]
              }
            ],
            "operation": null,
            "pod_autoscaling": [
              {
                "hpa_profile": "HPA_PROFILE_UNSPECIFIED"
              }
            ],
            "pod_security_policy_config": [
              {
                "enabled": false
              }
            ],
            "private_cluster_config": [
              {
                "enable_private_endpoint": true,
                "enable_private_nodes": true,
                "master_global_access_config": [
                  {
                    "enabled": false
                  }
                ],
                "master_ipv4_cidr_block": "",
                "peering_name": "",
                "private_endpoint": "10.0.1.2",
                "private_endpoint_subnetwork": "projects/weatherscanner-466411/regions/europe-west12/subnetworks/gke-cp",
                "public_endpoint": ""
              }
            ],
            "private_ipv6_google_access": "",
            "project": "weatherscanner-466411",
            "protect_config": [
              {
                "workload_config": [
                  {
                    "audit_mode": "BASIC"
                  }
                ],
                "workload_vulnerability_mode": "WORKLOAD_VULNERABILITY_MODE_UNSPECIFIED"
              }
            ],
            "release_channel": [
              {
                "channel": "REGULAR"
              }
            ],
            "remove_default_node_pool": false,
            "resource_labels": {
              "environment": "dev"
            },
            "resource_usage_export_config": [],
            "secret_manager_config": [
              {
                "enabled": false,
                "rotation_config": []
              }
            ],
            "security_posture_config": [
              {
                "mode": "BASIC",
                "vulnerability_mode": "VULNERABILITY_MODE_UNSPECIFIED"
              }
            ],
            "self_link": "https://container.googleapis.com/v1beta1/projects/weatherscanner-466411/locations/europe-west12/clusters/weather-scanner-gke",
            "service_external_ips_config": [
              {
                "enabled": false
              }
            ],
            "services_ipv4_cidr": "192.168.0.0/24",
            "subnetwork": "projects/weatherscanner-466411/regions/europe-west12/subnetworks/gke",
            "terraform_labels": {
              "environment": "dev",
              "goog-terraform-provisioned": "true"
            },
            "timeouts": null,
            "tpu_config": null,
            "tpu_ipv4_cidr_block": "",
            "user_managed_keys_config": [],
            "vertical_pod_autoscaling": [],
            "workload_alts_config": [],
            "workload_identity_config": [
              {
                "workload_pool": "weatherscanner-466411.svc.id.goog"
              }
            ]
          },
          "sensitive_attributes": [
            [
              {
                "type": "get_attr",
                "value": "master_auth"
              },
              {
                "type": "index",
                "value": {
                  "value": 0,
                  "type": "number"
                }
              },
              {
                "type": "get_attr",
                "value": "client_key"
              }
            ]
          ],
          "identity_schema_version": 0,
          "private": "eyJlMmJmYjczMC1lY2FhLTExZTYtOGY4OC0zNDM2M2JjN2M0YzAiOnsiY3JlYXRlIjoyNDAwMDAwMDAwMDAwLCJkZWxldGUiOjI0MDAwMDAwMDAwMDAsInJlYWQiOjI0MDAwMDAwMDAwMDAsInVwZGF0ZSI6MzYwMDAwMDAwMDAwMH0sInNjaGVtYV92ZXJzaW9uIjoiMiJ9",
          "dependencies": [
            "module.cluster-gke.google_pubsub_topic.notifications",
            "module.project-gcp.data.google_bigquery_default_service_account.bq_sa",
            "module.project-gcp.data.google_project.project",
            "module.project-gcp.data.google_storage_project_service_account.gcs_sa",
            "module.project-gcp.google_access_context_manager_service_perimeter_dry_run_resource.default",
            "module.project-gcp.google_access_context_manager_service_perimeter_resource.default",
            "module.project-gcp.google_compute_shared_vpc_host_project.shared_vpc_host",
            "module.project-gcp.google_compute_shared_vpc_service_project.service_projects",
            "module.project-gcp.google_compute_shared_vpc_service_project.shared_vpc_service",
            "module.project-gcp.google_kms_crypto_key_iam_member.service_agent_cmek",
            "module.project-gcp.google_org_policy_policy.default",
            "module.project-gcp.google_project.project",
            "module.project-gcp.google_project_default_service_accounts.default_service_accounts",
            "module.project-gcp.google_project_iam_member.service_agents",
            "module.project-gcp.google_project_iam_member.shared_vpc_host_robots",
            "module.project-gcp.google_project_service.project_services",
            "module.project-gcp.google_project_service_identity.default",
            "module.vpc-gcp.google_compute_global_address.psa_ranges",
            "module.vpc-gcp.google_compute_network.network",
            "module.vpc-gcp.google_compute_network_peering.local",
            "module.vpc-gcp.google_compute_network_peering.remote",
            "module.vpc-gcp.google_compute_shared_vpc_host_project.shared_vpc_host",
            "module.vpc-gcp.google_compute_shared_vpc_service_project.service_projects",
            "module.vpc-gcp.google_compute_subnetwork.proxy_only",
            "module.vpc-gcp.google_compute_subnetwork.subnetwork",
            "module.vpc-gcp.google_service_networking_connection.psa_connection"
          ]
        }
      ]
    },
    {
      "module": "module.firewall-gcp",
      "mode": "managed",
      "type": "google_compute_firewall",
      "name": "allow-tag-http",
      "provider": "provider[\"registry.terraform.io/hashicorp/google\"]",
      "instances": [
        {
          "index_key": 0,
          "schema_version": 1,
          "attributes": {
            "allow": [
              {
                "ports": [
                  "80"
                ],
                "protocol": "tcp"
              }
            ],
            "creation_timestamp": "2025-07-24T13:06:57.542-07:00",
            "deny": [],
            "description": "Allow http to machines with matching tags.",
            "destination_ranges": [],
            "direction": "INGRESS",
            "disabled": false,
            "enable_logging": null,
            "id": "projects/weatherscanner-466411/global/firewalls/weatherscanner-vpc-ingress-tag-http",
            "log_config": [],
            "name": "weatherscanner-vpc-ingress-tag-http",
            "network": "https://www.googleapis.com/compute/v1/projects/weatherscanner-466411/global/networks/weatherscanner-vpc",
            "params": [],
            "priority": 1000,
            "project": "weatherscanner-466411",
            "self_link": "https://www.googleapis.com/compute/v1/projects/weatherscanner-466411/global/firewalls/weatherscanner-vpc-ingress-tag-http",
            "source_ranges": [
              "130.211.0.0/22",
              "209.85.152.0/22",
              "209.85.204.0/22",
              "35.191.0.0/16"
            ],
            "source_service_accounts": null,
            "source_tags": null,
            "target_service_accounts": null,
            "target_tags": [
              "http-server"
            ],
            "timeouts": null
          },
          "sensitive_attributes": [],
          "identity_schema_version": 0,
          "private": "eyJlMmJmYjczMC1lY2FhLTExZTYtOGY4OC0zNDM2M2JjN2M0YzAiOnsiY3JlYXRlIjoxMjAwMDAwMDAwMDAwLCJkZWxldGUiOjEyMDAwMDAwMDAwMDAsInVwZGF0ZSI6MTIwMDAwMDAwMDAwMH0sInNjaGVtYV92ZXJzaW9uIjoiMSJ9",
          "dependencies": [
            "module.project-gcp.data.google_bigquery_default_service_account.bq_sa",
            "module.project-gcp.data.google_project.project",
            "module.project-gcp.data.google_storage_project_service_account.gcs_sa",
            "module.project-gcp.google_access_context_manager_service_perimeter_dry_run_resource.default",
            "module.project-gcp.google_access_context_manager_service_perimeter_resource.default",
            "module.project-gcp.google_compute_shared_vpc_host_project.shared_vpc_host",
            "module.project-gcp.google_compute_shared_vpc_service_project.service_projects",
            "module.project-gcp.google_compute_shared_vpc_service_project.shared_vpc_service",
            "module.project-gcp.google_kms_crypto_key_iam_member.service_agent_cmek",
            "module.project-gcp.google_org_policy_policy.default",
            "module.project-gcp.google_project.project",
            "module.project-gcp.google_project_default_service_accounts.default_service_accounts",
            "module.project-gcp.google_project_iam_member.service_agents",
            "module.project-gcp.google_project_iam_member.shared_vpc_host_robots",
            "module.project-gcp.google_project_service.project_services",
            "module.project-gcp.google_project_service_identity.default",
            "module.vpc-gcp.google_compute_global_address.psa_ranges",
            "module.vpc-gcp.google_compute_network.network",
            "module.vpc-gcp.google_compute_network_peering.local",
            "module.vpc-gcp.google_compute_network_peering.remote",
            "module.vpc-gcp.google_compute_shared_vpc_host_project.shared_vpc_host",
            "module.vpc-gcp.google_compute_shared_vpc_service_project.service_projects",
            "module.vpc-gcp.google_service_networking_connection.psa_connection"
          ]
        }
      ]
    },
    {
      "module": "module.firewall-gcp",
      "mode": "managed",
      "type": "google_compute_firewall",
      "name": "allow-tag-https",
      "provider": "provider[\"registry.terraform.io/hashicorp/google\"]",
      "instances": [
        {
          "index_key": 0,
          "schema_version": 1,
          "attributes": {
            "allow": [
              {
                "ports": [
                  "443"
                ],
                "protocol": "tcp"
              }
            ],
            "creation_timestamp": "2025-07-24T13:06:57.484-07:00",
            "deny": [],
            "description": "Allow http to machines with matching tags.",
            "destination_ranges": [],
            "direction": "INGRESS",
            "disabled": false,
            "enable_logging": null,
            "id": "projects/weatherscanner-466411/global/firewalls/weatherscanner-vpc-ingress-tag-https",
            "log_config": [],
            "name": "weatherscanner-vpc-ingress-tag-https",
            "network": "https://www.googleapis.com/compute/v1/projects/weatherscanner-466411/global/networks/weatherscanner-vpc",
            "params": [],
            "priority": 1000,
            "project": "weatherscanner-466411",
            "self_link": "https://www.googleapis.com/compute/v1/projects/weatherscanner-466411/global/firewalls/weatherscanner-vpc-ingress-tag-https",
            "source_ranges": [
              "130.211.0.0/22",
              "209.85.152.0/22",
              "209.85.204.0/22",
              "35.191.0.0/16"
            ],
            "source_service_accounts": null,
            "source_tags": null,
            "target_service_accounts": null,
            "target_tags": [
              "https-server"
            ],
            "timeouts": null
          },
          "sensitive_attributes": [],
          "identity_schema_version": 0,
          "private": "eyJlMmJmYjczMC1lY2FhLTExZTYtOGY4OC0zNDM2M2JjN2M0YzAiOnsiY3JlYXRlIjoxMjAwMDAwMDAwMDAwLCJkZWxldGUiOjEyMDAwMDAwMDAwMDAsInVwZGF0ZSI6MTIwMDAwMDAwMDAwMH0sInNjaGVtYV92ZXJzaW9uIjoiMSJ9",
          "dependencies": [
            "module.project-gcp.data.google_bigquery_default_service_account.bq_sa",
            "module.project-gcp.data.google_project.project",
            "module.project-gcp.data.google_storage_project_service_account.gcs_sa",
            "module.project-gcp.google_access_context_manager_service_perimeter_dry_run_resource.default",
            "module.project-gcp.google_access_context_manager_service_perimeter_resource.default",
            "module.project-gcp.google_compute_shared_vpc_host_project.shared_vpc_host",
            "module.project-gcp.google_compute_shared_vpc_service_project.service_projects",
            "module.project-gcp.google_compute_shared_vpc_service_project.shared_vpc_service",
            "module.project-gcp.google_kms_crypto_key_iam_member.service_agent_cmek",
            "module.project-gcp.google_org_policy_policy.default",
            "module.project-gcp.google_project.project",
            "module.project-gcp.google_project_default_service_accounts.default_service_accounts",
            "module.project-gcp.google_project_iam_member.service_agents",
            "module.project-gcp.google_project_iam_member.shared_vpc_host_robots",
            "module.project-gcp.google_project_service.project_services",
            "module.project-gcp.google_project_service_identity.default",
            "module.vpc-gcp.google_compute_global_address.psa_ranges",
            "module.vpc-gcp.google_compute_network.network",
            "module.vpc-gcp.google_compute_network_peering.local",
            "module.vpc-gcp.google_compute_network_peering.remote",
            "module.vpc-gcp.google_compute_shared_vpc_host_project.shared_vpc_host",
            "module.vpc-gcp.google_compute_shared_vpc_service_project.service_projects",
            "module.vpc-gcp.google_service_networking_connection.psa_connection"
          ]
        }
      ]
    },
    {
      "module": "module.firewall-gcp",
      "mode": "managed",
      "type": "google_compute_firewall",
      "name": "allow-tag-ssh",
      "provider": "provider[\"registry.terraform.io/hashicorp/google\"]",
      "instances": [
        {
          "index_key": 0,
          "schema_version": 1,
          "attributes": {
            "allow": [
              {
                "ports": [
                  "22"
                ],
                "protocol": "tcp"
              }
            ],
            "creation_timestamp": "2025-07-24T13:06:57.780-07:00",
            "deny": [],
            "description": "Allow SSH to machines with matching tags.",
            "destination_ranges": [],
            "direction": "INGRESS",
            "disabled": false,
            "enable_logging": null,
            "id": "projects/weatherscanner-466411/global/firewalls/weatherscanner-vpc-ingress-tag-ssh",
            "log_config": [],
            "name": "weatherscanner-vpc-ingress-tag-ssh",
            "network": "https://www.googleapis.com/compute/v1/projects/weatherscanner-466411/global/networks/weatherscanner-vpc",
            "params": [],
            "priority": 1000,
            "project": "weatherscanner-466411",
            "self_link": "https://www.googleapis.com/compute/v1/projects/weatherscanner-466411/global/firewalls/weatherscanner-vpc-ingress-tag-ssh",
            "source_ranges": [
              "35.235.240.0/20"
            ],
            "source_service_accounts": null,
            "source_tags": null,
            "target_service_accounts": null,
            "target_tags": [
              "ssh"
            ],
            "timeouts": null
          },
          "sensitive_attributes": [],
          "identity_schema_version": 0,
          "private": "eyJlMmJmYjczMC1lY2FhLTExZTYtOGY4OC0zNDM2M2JjN2M0YzAiOnsiY3JlYXRlIjoxMjAwMDAwMDAwMDAwLCJkZWxldGUiOjEyMDAwMDAwMDAwMDAsInVwZGF0ZSI6MTIwMDAwMDAwMDAwMH0sInNjaGVtYV92ZXJzaW9uIjoiMSJ9",
          "dependencies": [
            "module.project-gcp.data.google_bigquery_default_service_account.bq_sa",
            "module.project-gcp.data.google_project.project",
            "module.project-gcp.data.google_storage_project_service_account.gcs_sa",
            "module.project-gcp.google_access_context_manager_service_perimeter_dry_run_resource.default",
            "module.project-gcp.google_access_context_manager_service_perimeter_resource.default",
            "module.project-gcp.google_compute_shared_vpc_host_project.shared_vpc_host",
            "module.project-gcp.google_compute_shared_vpc_service_project.service_projects",
            "module.project-gcp.google_compute_shared_vpc_service_project.shared_vpc_service",
            "module.project-gcp.google_kms_crypto_key_iam_member.service_agent_cmek",
            "module.project-gcp.google_org_policy_policy.default",
            "module.project-gcp.google_project.project",
            "module.project-gcp.google_project_default_service_accounts.default_service_accounts",
            "module.project-gcp.google_project_iam_member.service_agents",
            "module.project-gcp.google_project_iam_member.shared_vpc_host_robots",
            "module.project-gcp.google_project_service.project_services",
            "module.project-gcp.google_project_service_identity.default",
            "module.vpc-gcp.google_compute_global_address.psa_ranges",
            "module.vpc-gcp.google_compute_network.network",
            "module.vpc-gcp.google_compute_network_peering.local",
            "module.vpc-gcp.google_compute_network_peering.remote",
            "module.vpc-gcp.google_compute_shared_vpc_host_project.shared_vpc_host",
            "module.vpc-gcp.google_compute_shared_vpc_service_project.service_projects",
            "module.vpc-gcp.google_service_networking_connection.psa_connection"
          ]
        }
      ]
    },
    {
      "module": "module.firewall-gcp",
      "mode": "managed",
      "type": "google_compute_firewall",
      "name": "custom-rules",
      "provider": "provider[\"registry.terraform.io/hashicorp/google\"]",
      "instances": [
        {
          "index_key": "allow-ingress-bastion-from-iap",
          "schema_version": 1,
          "attributes": {
            "allow": [
              {
                "ports": [],
                "protocol": "all"
              }
            ],
            "creation_timestamp": "2025-07-24T13:07:19.815-07:00",
            "deny": [],
            "description": "Allow ingress from a specific tag.",
            "destination_ranges": [
              "10.0.1.0/24",
              "10.0.2.0/28"
            ],
            "direction": "INGRESS",
            "disabled": false,
            "enable_logging": null,
            "id": "projects/weatherscanner-466411/global/firewalls/allow-ingress-bastion-from-iap",
            "log_config": [],
            "name": "allow-ingress-bastion-from-iap",
            "network": "https://www.googleapis.com/compute/v1/projects/weatherscanner-466411/global/networks/weatherscanner-vpc",
            "params": [],
            "priority": 1000,
            "project": "weatherscanner-466411",
            "self_link": "https://www.googleapis.com/compute/v1/projects/weatherscanner-466411/global/firewalls/allow-ingress-bastion-from-iap",
            "source_ranges": [
              "35.235.240.0/20"
            ],
            "source_service_accounts": null,
            "source_tags": null,
            "target_service_accounts": null,
            "target_tags": null,
            "timeouts": null
          },
          "sensitive_attributes": [],
          "identity_schema_version": 0,
          "private": "eyJlMmJmYjczMC1lY2FhLTExZTYtOGY4OC0zNDM2M2JjN2M0YzAiOnsiY3JlYXRlIjoxMjAwMDAwMDAwMDAwLCJkZWxldGUiOjEyMDAwMDAwMDAwMDAsInVwZGF0ZSI6MTIwMDAwMDAwMDAwMH0sInNjaGVtYV92ZXJzaW9uIjoiMSJ9",
          "dependencies": [
            "module.project-gcp.data.google_bigquery_default_service_account.bq_sa",
            "module.project-gcp.data.google_project.project",
            "module.project-gcp.data.google_storage_project_service_account.gcs_sa",
            "module.project-gcp.google_access_context_manager_service_perimeter_dry_run_resource.default",
            "module.project-gcp.google_access_context_manager_service_perimeter_resource.default",
            "module.project-gcp.google_compute_shared_vpc_host_project.shared_vpc_host",
            "module.project-gcp.google_compute_shared_vpc_service_project.service_projects",
            "module.project-gcp.google_compute_shared_vpc_service_project.shared_vpc_service",
            "module.project-gcp.google_kms_crypto_key_iam_member.service_agent_cmek",
            "module.project-gcp.google_org_policy_policy.default",
            "module.project-gcp.google_project.project",
            "module.project-gcp.google_project_default_service_accounts.default_service_accounts",
            "module.project-gcp.google_project_iam_member.service_agents",
            "module.project-gcp.google_project_iam_member.shared_vpc_host_robots",
            "module.project-gcp.google_project_service.project_services",
            "module.project-gcp.google_project_service_identity.default",
            "module.vpc-gcp.google_compute_global_address.psa_ranges",
            "module.vpc-gcp.google_compute_network.network",
            "module.vpc-gcp.google_compute_network_peering.local",
            "module.vpc-gcp.google_compute_network_peering.remote",
            "module.vpc-gcp.google_compute_shared_vpc_host_project.shared_vpc_host",
            "module.vpc-gcp.google_compute_shared_vpc_service_project.service_projects",
            "module.vpc-gcp.google_compute_subnetwork.subnetwork",
            "module.vpc-gcp.google_service_networking_connection.psa_connection"
          ]
        },
        {
          "index_key": "allow-ingress-gke-from-bastion",
          "schema_version": 1,
          "attributes": {
            "allow": [
              {
                "ports": [],
                "protocol": "all"
              }
            ],
            "creation_timestamp": "2025-07-24T13:07:19.790-07:00",
            "deny": [],
            "description": "Allow ingress from a specific tag.",
            "destination_ranges": [
              "10.0.1.0/24"
            ],
            "direction": "INGRESS",
            "disabled": false,
            "enable_logging": null,
            "id": "projects/weatherscanner-466411/global/firewalls/allow-ingress-gke-from-bastion",
            "log_config": [],
            "name": "allow-ingress-gke-from-bastion",
            "network": "https://www.googleapis.com/compute/v1/projects/weatherscanner-466411/global/networks/weatherscanner-vpc",
            "params": [],
            "priority": 1000,
            "project": "weatherscanner-466411",
            "self_link": "https://www.googleapis.com/compute/v1/projects/weatherscanner-466411/global/firewalls/allow-ingress-gke-from-bastion",
            "source_ranges": [
              "10.0.2.0/28"
            ],
            "source_service_accounts": null,
            "source_tags": null,
            "target_service_accounts": null,
            "target_tags": null,
            "timeouts": null
          },
          "sensitive_attributes": [],
          "identity_schema_version": 0,
          "private": "eyJlMmJmYjczMC1lY2FhLTExZTYtOGY4OC0zNDM2M2JjN2M0YzAiOnsiY3JlYXRlIjoxMjAwMDAwMDAwMDAwLCJkZWxldGUiOjEyMDAwMDAwMDAwMDAsInVwZGF0ZSI6MTIwMDAwMDAwMDAwMH0sInNjaGVtYV92ZXJzaW9uIjoiMSJ9",
          "dependencies": [
            "module.project-gcp.data.google_bigquery_default_service_account.bq_sa",
            "module.project-gcp.data.google_project.project",
            "module.project-gcp.data.google_storage_project_service_account.gcs_sa",
            "module.project-gcp.google_access_context_manager_service_perimeter_dry_run_resource.default",
            "module.project-gcp.google_access_context_manager_service_perimeter_resource.default",
            "module.project-gcp.google_compute_shared_vpc_host_project.shared_vpc_host",
            "module.project-gcp.google_compute_shared_vpc_service_project.service_projects",
            "module.project-gcp.google_compute_shared_vpc_service_project.shared_vpc_service",
            "module.project-gcp.google_kms_crypto_key_iam_member.service_agent_cmek",
            "module.project-gcp.google_org_policy_policy.default",
            "module.project-gcp.google_project.project",
            "module.project-gcp.google_project_default_service_accounts.default_service_accounts",
            "module.project-gcp.google_project_iam_member.service_agents",
            "module.project-gcp.google_project_iam_member.shared_vpc_host_robots",
            "module.project-gcp.google_project_service.project_services",
            "module.project-gcp.google_project_service_identity.default",
            "module.vpc-gcp.google_compute_global_address.psa_ranges",
            "module.vpc-gcp.google_compute_network.network",
            "module.vpc-gcp.google_compute_network_peering.local",
            "module.vpc-gcp.google_compute_network_peering.remote",
            "module.vpc-gcp.google_compute_shared_vpc_host_project.shared_vpc_host",
            "module.vpc-gcp.google_compute_shared_vpc_service_project.service_projects",
            "module.vpc-gcp.google_compute_subnetwork.subnetwork",
            "module.vpc-gcp.google_service_networking_connection.psa_connection"
          ]
        },
        {
          "index_key": "allow-ingress-gke-from-gke-no",
          "schema_version": 1,
          "attributes": {
            "allow": [
              {
                "ports": [],
                "protocol": "all"
              }
            ],
            "creation_timestamp": "2025-07-24T13:07:19.873-07:00",
            "deny": [],
            "description": "Allow ingress from a specific tag.",
            "destination_ranges": [
              "10.0.1.0/24"
            ],
            "direction": "INGRESS",
            "disabled": false,
            "enable_logging": null,
            "id": "projects/weatherscanner-466411/global/firewalls/allow-ingress-gke-from-gke-no",
            "log_config": [],
            "name": "allow-ingress-gke-from-gke-no",
            "network": "https://www.googleapis.com/compute/v1/projects/weatherscanner-466411/global/networks/weatherscanner-vpc",
            "params": [],
            "priority": 1000,
            "project": "weatherscanner-466411",
            "self_link": "https://www.googleapis.com/compute/v1/projects/weatherscanner-466411/global/firewalls/allow-ingress-gke-from-gke-no",
            "source_ranges": [
              "10.0.0.0/24"
            ],
            "source_service_accounts": null,
            "source_tags": null,
            "target_service_accounts": null,
            "target_tags": null,
            "timeouts": null
          },
          "sensitive_attributes": [],
          "identity_schema_version": 0,
          "private": "eyJlMmJmYjczMC1lY2FhLTExZTYtOGY4OC0zNDM2M2JjN2M0YzAiOnsiY3JlYXRlIjoxMjAwMDAwMDAwMDAwLCJkZWxldGUiOjEyMDAwMDAwMDAwMDAsInVwZGF0ZSI6MTIwMDAwMDAwMDAwMH0sInNjaGVtYV92ZXJzaW9uIjoiMSJ9",
          "dependencies": [
            "module.project-gcp.data.google_bigquery_default_service_account.bq_sa",
            "module.project-gcp.data.google_project.project",
            "module.project-gcp.data.google_storage_project_service_account.gcs_sa",
            "module.project-gcp.google_access_context_manager_service_perimeter_dry_run_resource.default",
            "module.project-gcp.google_access_context_manager_service_perimeter_resource.default",
            "module.project-gcp.google_compute_shared_vpc_host_project.shared_vpc_host",
            "module.project-gcp.google_compute_shared_vpc_service_project.service_projects",
            "module.project-gcp.google_compute_shared_vpc_service_project.shared_vpc_service",
            "module.project-gcp.google_kms_crypto_key_iam_member.service_agent_cmek",
            "module.project-gcp.google_org_policy_policy.default",
            "module.project-gcp.google_project.project",
            "module.project-gcp.google_project_default_service_accounts.default_service_accounts",
            "module.project-gcp.google_project_iam_member.service_agents",
            "module.project-gcp.google_project_iam_member.shared_vpc_host_robots",
            "module.project-gcp.google_project_service.project_services",
            "module.project-gcp.google_project_service_identity.default",
            "module.vpc-gcp.google_compute_global_address.psa_ranges",
            "module.vpc-gcp.google_compute_network.network",
            "module.vpc-gcp.google_compute_network_peering.local",
            "module.vpc-gcp.google_compute_network_peering.remote",
            "module.vpc-gcp.google_compute_shared_vpc_host_project.shared_vpc_host",
            "module.vpc-gcp.google_compute_shared_vpc_service_project.service_projects",
            "module.vpc-gcp.google_compute_subnetwork.subnetwork",
            "module.vpc-gcp.google_service_networking_connection.psa_connection"
          ]
        },
        {
          "index_key": "deny-from-all",
          "schema_version": 1,
          "attributes": {
            "allow": [
              {
                "ports": [],
                "protocol": "all"
              }
            ],
            "creation_timestamp": "2025-07-24T13:07:19.660-07:00",
            "deny": [],
            "description": "Allow ingress from a specific tag.",
            "destination_ranges": [
              "0.0.0.0/0"
            ],
            "direction": "INGRESS",
            "disabled": false,
            "enable_logging": null,
            "id": "projects/weatherscanner-466411/global/firewalls/deny-from-all",
            "log_config": [],
            "name": "deny-from-all",
            "network": "https://www.googleapis.com/compute/v1/projects/weatherscanner-466411/global/networks/weatherscanner-vpc",
            "params": [],
            "priority": 1000,
            "project": "weatherscanner-466411",
            "self_link": "https://www.googleapis.com/compute/v1/projects/weatherscanner-466411/global/firewalls/deny-from-all",
            "source_ranges": [
              "0.0.0.0/0"
            ],
            "source_service_accounts": null,
            "source_tags": null,
            "target_service_accounts": null,
            "target_tags": null,
            "timeouts": null
          },
          "sensitive_attributes": [],
          "identity_schema_version": 0,
          "private": "eyJlMmJmYjczMC1lY2FhLTExZTYtOGY4OC0zNDM2M2JjN2M0YzAiOnsiY3JlYXRlIjoxMjAwMDAwMDAwMDAwLCJkZWxldGUiOjEyMDAwMDAwMDAwMDAsInVwZGF0ZSI6MTIwMDAwMDAwMDAwMH0sInNjaGVtYV92ZXJzaW9uIjoiMSJ9",
          "dependencies": [
            "module.project-gcp.data.google_bigquery_default_service_account.bq_sa",
            "module.project-gcp.data.google_project.project",
            "module.project-gcp.data.google_storage_project_service_account.gcs_sa",
            "module.project-gcp.google_access_context_manager_service_perimeter_dry_run_resource.default",
            "module.project-gcp.google_access_context_manager_service_perimeter_resource.default",
            "module.project-gcp.google_compute_shared_vpc_host_project.shared_vpc_host",
            "module.project-gcp.google_compute_shared_vpc_service_project.service_projects",
            "module.project-gcp.google_compute_shared_vpc_service_project.shared_vpc_service",
            "module.project-gcp.google_kms_crypto_key_iam_member.service_agent_cmek",
            "module.project-gcp.google_org_policy_policy.default",
            "module.project-gcp.google_project.project",
            "module.project-gcp.google_project_default_service_accounts.default_service_accounts",
            "module.project-gcp.google_project_iam_member.service_agents",
            "module.project-gcp.google_project_iam_member.shared_vpc_host_robots",
            "module.project-gcp.google_project_service.project_services",
            "module.project-gcp.google_project_service_identity.default",
            "module.vpc-gcp.google_compute_global_address.psa_ranges",
            "module.vpc-gcp.google_compute_network.network",
            "module.vpc-gcp.google_compute_network_peering.local",
            "module.vpc-gcp.google_compute_network_peering.remote",
            "module.vpc-gcp.google_compute_shared_vpc_host_project.shared_vpc_host",
            "module.vpc-gcp.google_compute_shared_vpc_service_project.service_projects",
            "module.vpc-gcp.google_compute_subnetwork.subnetwork",
            "module.vpc-gcp.google_service_networking_connection.psa_connection"
          ]
        }
      ]
    },
    {
      "module": "module.github-service-account",
      "mode": "managed",
      "type": "google_project_iam_member",
      "name": "project-roles",
      "provider": "provider[\"registry.terraform.io/hashicorp/google\"]",
      "instances": [
        {
          "index_key": "weatherscanner-466411-roles/container.clusterViewer",
          "schema_version": 0,
          "attributes": {
            "condition": [],
            "etag": "BwY6sl2+nG4=",
            "id": "weatherscanner-466411/roles/container.clusterViewer/serviceAccount:github-deploy-sa@weatherscanner-466411.iam.gserviceaccount.com",
            "member": "serviceAccount:github-deploy-sa@weatherscanner-466411.iam.gserviceaccount.com",
            "project": "weatherscanner-466411",
            "role": "roles/container.clusterViewer"
          },
          "sensitive_attributes": [],
          "identity_schema_version": 0,
          "private": "bnVsbA==",
          "dependencies": [
            "module.github-service-account.data.google_service_account.service_account",
            "module.github-service-account.google_service_account.service_account",
            "module.project-gcp.data.google_bigquery_default_service_account.bq_sa",
            "module.project-gcp.data.google_project.project",
            "module.project-gcp.data.google_storage_project_service_account.gcs_sa",
            "module.project-gcp.google_access_context_manager_service_perimeter_dry_run_resource.default",
            "module.project-gcp.google_access_context_manager_service_perimeter_resource.default",
            "module.project-gcp.google_compute_shared_vpc_host_project.shared_vpc_host",
            "module.project-gcp.google_compute_shared_vpc_service_project.service_projects",
            "module.project-gcp.google_compute_shared_vpc_service_project.shared_vpc_service",
            "module.project-gcp.google_kms_crypto_key_iam_member.service_agent_cmek",
            "module.project-gcp.google_org_policy_policy.default",
            "module.project-gcp.google_project.project",
            "module.project-gcp.google_project_default_service_accounts.default_service_accounts",
            "module.project-gcp.google_project_iam_member.service_agents",
            "module.project-gcp.google_project_iam_member.shared_vpc_host_robots",
            "module.project-gcp.google_project_service.project_services",
            "module.project-gcp.google_project_service_identity.default"
          ]
        }
      ]
    },
    {
      "module": "module.github-service-account",
      "mode": "managed",
      "type": "google_service_account",
      "name": "service_account",
      "provider": "provider[\"registry.terraform.io/hashicorp/google\"]",
      "instances": [
        {
          "index_key": 0,
          "schema_version": 0,
          "attributes": {
            "account_id": "github-deploy-sa",
            "create_ignore_already_exists": null,
            "description": "",
            "disabled": false,
            "display_name": "Terraform-managed.",
            "email": "github-deploy-sa@weatherscanner-466411.iam.gserviceaccount.com",
            "id": "projects/weatherscanner-466411/serviceAccounts/github-deploy-sa@weatherscanner-466411.iam.gserviceaccount.com",
            "member": "serviceAccount:github-deploy-sa@weatherscanner-466411.iam.gserviceaccount.com",
            "name": "projects/weatherscanner-466411/serviceAccounts/github-deploy-sa@weatherscanner-466411.iam.gserviceaccount.com",
            "project": "weatherscanner-466411",
            "timeouts": null,
            "unique_id": "112970933762934722341"
          },
          "sensitive_attributes": [],
          "identity_schema_version": 0,
          "private": "eyJlMmJmYjczMC1lY2FhLTExZTYtOGY4OC0zNDM2M2JjN2M0YzAiOnsiY3JlYXRlIjozMDAwMDAwMDAwMDB9fQ==",
          "dependencies": [
            "module.project-gcp.data.google_bigquery_default_service_account.bq_sa",
            "module.project-gcp.data.google_project.project",
            "module.project-gcp.data.google_storage_project_service_account.gcs_sa",
            "module.project-gcp.google_access_context_manager_service_perimeter_dry_run_resource.default",
            "module.project-gcp.google_access_context_manager_service_perimeter_resource.default",
            "module.project-gcp.google_compute_shared_vpc_host_project.shared_vpc_host",
            "module.project-gcp.google_compute_shared_vpc_service_project.service_projects",
            "module.project-gcp.google_compute_shared_vpc_service_project.shared_vpc_service",
            "module.project-gcp.google_kms_crypto_key_iam_member.service_agent_cmek",
            "module.project-gcp.google_org_policy_policy.default",
            "module.project-gcp.google_project.project",
            "module.project-gcp.google_project_default_service_accounts.default_service_accounts",
            "module.project-gcp.google_project_iam_member.service_agents",
            "module.project-gcp.google_project_iam_member.shared_vpc_host_robots",
            "module.project-gcp.google_project_service.project_services",
            "module.project-gcp.google_project_service_identity.default"
          ]
        }
      ]
    },
    {
      "module": "module.nat",
      "mode": "managed",
      "type": "google_compute_router",
      "name": "router",
      "provider": "provider[\"registry.terraform.io/hashicorp/google\"]",
      "instances": [
        {
          "index_key": 0,
          "schema_version": 0,
          "attributes": {
            "bgp": [],
            "creation_timestamp": "2025-07-24T13:06:57.951-07:00",
            "description": "",
            "encrypted_interconnect_router": false,
            "id": "projects/weatherscanner-466411/regions/europe-west12/routers/weatherscanner-nat-nat",
            "md5_authentication_keys": [],
            "name": "weatherscanner-nat-nat",
            "network": "https://www.googleapis.com/compute/v1/projects/weatherscanner-466411/global/networks/weatherscanner-vpc",
            "project": "weatherscanner-466411",
            "region": "europe-west12",
            "self_link": "https://www.googleapis.com/compute/v1/projects/weatherscanner-466411/regions/europe-west12/routers/weatherscanner-nat-nat",
            "timeouts": null
          },
          "sensitive_attributes": [],
          "identity_schema_version": 0,
          "private": "eyJlMmJmYjczMC1lY2FhLTExZTYtOGY4OC0zNDM2M2JjN2M0YzAiOnsiY3JlYXRlIjoxMjAwMDAwMDAwMDAwLCJkZWxldGUiOjEyMDAwMDAwMDAwMDAsInVwZGF0ZSI6MTIwMDAwMDAwMDAwMH19",
          "dependencies": [
            "module.project-gcp.data.google_bigquery_default_service_account.bq_sa",
            "module.project-gcp.data.google_project.project",
            "module.project-gcp.data.google_storage_project_service_account.gcs_sa",
            "module.project-gcp.google_access_context_manager_service_perimeter_dry_run_resource.default",
            "module.project-gcp.google_access_context_manager_service_perimeter_resource.default",
            "module.project-gcp.google_compute_shared_vpc_host_project.shared_vpc_host",
            "module.project-gcp.google_compute_shared_vpc_service_project.service_projects",
            "module.project-gcp.google_compute_shared_vpc_service_project.shared_vpc_service",
            "module.project-gcp.google_kms_crypto_key_iam_member.service_agent_cmek",
            "module.project-gcp.google_org_policy_policy.default",
            "module.project-gcp.google_project.project",
            "module.project-gcp.google_project_default_service_accounts.default_service_accounts",
            "module.project-gcp.google_project_iam_member.service_agents",
            "module.project-gcp.google_project_iam_member.shared_vpc_host_robots",
            "module.project-gcp.google_project_service.project_services",
            "module.project-gcp.google_project_service_identity.default",
            "module.vpc-gcp.google_compute_global_address.psa_ranges",
            "module.vpc-gcp.google_compute_network.network",
            "module.vpc-gcp.google_compute_network_peering.local",
            "module.vpc-gcp.google_compute_network_peering.remote",
            "module.vpc-gcp.google_compute_shared_vpc_host_project.shared_vpc_host",
            "module.vpc-gcp.google_compute_shared_vpc_service_project.service_projects",
            "module.vpc-gcp.google_service_networking_connection.psa_connection"
          ]
        }
      ]
    },
    {
      "module": "module.nat",
      "mode": "managed",
      "type": "google_compute_router_nat",
      "name": "nat",
      "provider": "provider[\"registry.terraform.io/hashicorp/google-beta\"]",
      "instances": [
        {
          "schema_version": 0,
          "attributes": {
            "auto_network_tier": null,
            "drain_nat_ips": [],
            "enable_dynamic_port_allocation": false,
            "enable_endpoint_independent_mapping": true,
            "endpoint_types": [
              "ENDPOINT_TYPE_VM"
            ],
            "icmp_idle_timeout_sec": 30,
            "id": "weatherscanner-466411/europe-west12/weatherscanner-nat-nat/weatherscanner-nat",
            "initial_nat_ips": null,
            "log_config": [
              {
                "enable": false,
                "filter": "ALL"
              }
            ],
            "max_ports_per_vm": 65536,
            "min_ports_per_vm": 0,
            "name": "weatherscanner-nat",
            "nat64_subnetwork": [],
            "nat_ip_allocate_option": "AUTO_ONLY",
            "nat_ips": [],
            "project": "weatherscanner-466411",
            "region": "europe-west12",
            "router": "weatherscanner-nat-nat",
            "rules": [],
            "source_subnetwork_ip_ranges_to_nat": "ALL_SUBNETWORKS_ALL_IP_RANGES",
            "source_subnetwork_ip_ranges_to_nat64": "",
            "subnetwork": [],
            "tcp_established_idle_timeout_sec": 1200,
            "tcp_time_wait_timeout_sec": 120,
            "tcp_transitory_idle_timeout_sec": 30,
            "timeouts": null,
            "type": "PUBLIC",
            "udp_idle_timeout_sec": 30
          },
          "sensitive_attributes": [],
          "identity_schema_version": 0,
          "private": "eyJlMmJmYjczMC1lY2FhLTExZTYtOGY4OC0zNDM2M2JjN2M0YzAiOnsiY3JlYXRlIjoxMjAwMDAwMDAwMDAwLCJkZWxldGUiOjEyMDAwMDAwMDAwMDAsInVwZGF0ZSI6MTIwMDAwMDAwMDAwMH19",
          "dependencies": [
            "module.nat.google_compute_router.router",
            "module.project-gcp.data.google_bigquery_default_service_account.bq_sa",
            "module.project-gcp.data.google_project.project",
            "module.project-gcp.data.google_storage_project_service_account.gcs_sa",
            "module.project-gcp.google_access_context_manager_service_perimeter_dry_run_resource.default",
            "module.project-gcp.google_access_context_manager_service_perimeter_resource.default",
            "module.project-gcp.google_compute_shared_vpc_host_project.shared_vpc_host",
            "module.project-gcp.google_compute_shared_vpc_service_project.service_projects",
            "module.project-gcp.google_compute_shared_vpc_service_project.shared_vpc_service",
            "module.project-gcp.google_kms_crypto_key_iam_member.service_agent_cmek",
            "module.project-gcp.google_org_policy_policy.default",
            "module.project-gcp.google_project.project",
            "module.project-gcp.google_project_default_service_accounts.default_service_accounts",
            "module.project-gcp.google_project_iam_member.service_agents",
            "module.project-gcp.google_project_iam_member.shared_vpc_host_robots",
            "module.project-gcp.google_project_service.project_services",
            "module.project-gcp.google_project_service_identity.default",
            "module.vpc-gcp.google_compute_global_address.psa_ranges",
            "module.vpc-gcp.google_compute_network.network",
            "module.vpc-gcp.google_compute_network_peering.local",
            "module.vpc-gcp.google_compute_network_peering.remote",
            "module.vpc-gcp.google_compute_shared_vpc_host_project.shared_vpc_host",
            "module.vpc-gcp.google_compute_shared_vpc_service_project.service_projects",
            "module.vpc-gcp.google_service_networking_connection.psa_connection"
          ]
        }
      ]
    },
    {
      "module": "module.project-gcp",
      "mode": "managed",
      "type": "google_project_iam_binding",
      "name": "authoritative",
      "provider": "provider[\"registry.terraform.io/hashicorp/google\"]",
      "instances": [
        {
          "index_key": "roles/compute.instanceAdmin.v1",
          "schema_version": 0,
          "attributes": {
            "condition": [],
            "etag": "BwY6sl2+nG4=",
            "id": "weatherscanner-466411/roles/compute.instanceAdmin.v1",
            "members": [
              "serviceAccount:github-deploy-sa@weatherscanner-466411.iam.gserviceaccount.com"
            ],
            "project": "weatherscanner-466411",
            "role": "roles/compute.instanceAdmin.v1"
          },
          "sensitive_attributes": [],
          "identity_schema_version": 0,
          "private": "bnVsbA==",
          "dependencies": [
            "module.github-service-account.data.google_service_account.service_account",
            "module.github-service-account.google_service_account.service_account",
            "module.project-gcp.data.google_bigquery_default_service_account.bq_sa",
            "module.project-gcp.data.google_project.project",
            "module.project-gcp.data.google_storage_project_service_account.gcs_sa",
            "module.project-gcp.google_access_context_manager_service_perimeter_dry_run_resource.default",
            "module.project-gcp.google_access_context_manager_service_perimeter_resource.default",
            "module.project-gcp.google_compute_shared_vpc_host_project.shared_vpc_host",
            "module.project-gcp.google_compute_shared_vpc_service_project.service_projects",
            "module.project-gcp.google_compute_shared_vpc_service_project.shared_vpc_service",
            "module.project-gcp.google_kms_crypto_key_iam_member.service_agent_cmek",
            "module.project-gcp.google_org_policy_policy.default",
            "module.project-gcp.google_project.project",
            "module.project-gcp.google_project_default_service_accounts.default_service_accounts",
            "module.project-gcp.google_project_iam_custom_role.roles",
            "module.project-gcp.google_project_iam_member.service_agents",
            "module.project-gcp.google_project_iam_member.shared_vpc_host_robots",
            "module.project-gcp.google_project_service.project_services",
            "module.project-gcp.google_project_service_identity.default"
          ]
        },
        {
          "index_key": "roles/iap.tunnelResourceAccessor",
          "schema_version": 0,
          "attributes": {
            "condition": [],
            "etag": "BwY6sl2+nG4=",
            "id": "weatherscanner-466411/roles/iap.tunnelResourceAccessor",
            "members": [
              "serviceAccount:github-deploy-sa@weatherscanner-466411.iam.gserviceaccount.com"
            ],
            "project": "weatherscanner-466411",
            "role": "roles/iap.tunnelResourceAccessor"
          },
          "sensitive_attributes": [],
          "identity_schema_version": 0,
          "private": "bnVsbA==",
          "dependencies": [
            "module.github-service-account.data.google_service_account.service_account",
            "module.github-service-account.google_service_account.service_account",
            "module.project-gcp.data.google_bigquery_default_service_account.bq_sa",
            "module.project-gcp.data.google_project.project",
            "module.project-gcp.data.google_storage_project_service_account.gcs_sa",
            "module.project-gcp.google_access_context_manager_service_perimeter_dry_run_resource.default",
            "module.project-gcp.google_access_context_manager_service_perimeter_resource.default",
            "module.project-gcp.google_compute_shared_vpc_host_project.shared_vpc_host",
            "module.project-gcp.google_compute_shared_vpc_service_project.service_projects",
            "module.project-gcp.google_compute_shared_vpc_service_project.shared_vpc_service",
            "module.project-gcp.google_kms_crypto_key_iam_member.service_agent_cmek",
            "module.project-gcp.google_org_policy_policy.default",
            "module.project-gcp.google_project.project",
            "module.project-gcp.google_project_default_service_accounts.default_service_accounts",
            "module.project-gcp.google_project_iam_custom_role.roles",
            "module.project-gcp.google_project_iam_member.service_agents",
            "module.project-gcp.google_project_iam_member.shared_vpc_host_robots",
            "module.project-gcp.google_project_service.project_services",
            "module.project-gcp.google_project_service_identity.default"
          ]
        }
      ]
    },
    {
      "module": "module.project-gcp",
      "mode": "managed",
      "type": "google_project_iam_member",
      "name": "service_agents",
      "provider": "provider[\"registry.terraform.io/hashicorp/google\"]",
      "instances": [
        {
          "index_key": "compute-system",
          "schema_version": 0,
          "attributes": {
            "condition": [],
            "etag": "BwY6slxcIhk=",
            "id": "weatherscanner-466411/roles/compute.serviceAgent/serviceAccount:service-886794755170@compute-system.iam.gserviceaccount.com",
            "member": "serviceAccount:service-886794755170@compute-system.iam.gserviceaccount.com",
            "project": "weatherscanner-466411",
            "role": "roles/compute.serviceAgent"
          },
          "sensitive_attributes": [],
          "identity_schema_version": 0,
          "private": "bnVsbA==",
          "dependencies": [
            "module.project-gcp.data.google_project.project",
            "module.project-gcp.google_org_policy_policy.default",
            "module.project-gcp.google_project.project",
            "module.project-gcp.google_project_service.project_services",
            "module.project-gcp.google_project_service_identity.default"
          ],
          "create_before_destroy": true
        },
        {
          "index_key": "container-engine-robot",
          "schema_version": 0,
          "attributes": {
            "condition": [],
            "etag": "BwY6slxcIhk=",
            "id": "weatherscanner-466411/roles/container.serviceAgent/serviceAccount:service-886794755170@container-engine-robot.iam.gserviceaccount.com",
            "member": "serviceAccount:service-886794755170@container-engine-robot.iam.gserviceaccount.com",
            "project": "weatherscanner-466411",
            "role": "roles/container.serviceAgent"
          },
          "sensitive_attributes": [],
          "identity_schema_version": 0,
          "private": "bnVsbA==",
          "dependencies": [
            "module.project-gcp.data.google_project.project",
            "module.project-gcp.google_org_policy_policy.default",
            "module.project-gcp.google_project.project",
            "module.project-gcp.google_project_service.project_services",
            "module.project-gcp.google_project_service_identity.default"
          ],
          "create_before_destroy": true
        },
        {
          "index_key": "gkenode",
          "schema_version": 0,
          "attributes": {
            "condition": [],
            "etag": "BwY6slxcIhk=",
            "id": "weatherscanner-466411/roles/container.defaultNodeServiceAgent/serviceAccount:service-886794755170@gcp-sa-gkenode.iam.gserviceaccount.com",
            "member": "serviceAccount:service-886794755170@gcp-sa-gkenode.iam.gserviceaccount.com",
            "project": "weatherscanner-466411",
            "role": "roles/container.defaultNodeServiceAgent"
          },
          "sensitive_attributes": [],
          "identity_schema_version": 0,
          "private": "bnVsbA==",
          "dependencies": [
            "module.project-gcp.data.google_project.project",
            "module.project-gcp.google_org_policy_policy.default",
            "module.project-gcp.google_project.project",
            "module.project-gcp.google_project_service.project_services",
            "module.project-gcp.google_project_service_identity.default"
          ],
          "create_before_destroy": true
        }
      ]
    },
    {
      "module": "module.project-gcp",
      "mode": "managed",
      "type": "google_project_service",
      "name": "project_services",
      "provider": "provider[\"registry.terraform.io/hashicorp/google\"]",
      "instances": [
        {
          "index_key": "compute.googleapis.com",
          "schema_version": 0,
          "attributes": {
            "disable_dependent_services": false,
            "disable_on_destroy": false,
            "id": "weatherscanner-466411/compute.googleapis.com",
            "project": "weatherscanner-466411",
            "service": "compute.googleapis.com",
            "timeouts": null
          },
          "sensitive_attributes": [],
          "identity_schema_version": 0,
          "private": "eyJlMmJmYjczMC1lY2FhLTExZTYtOGY4OC0zNDM2M2JjN2M0YzAiOnsiY3JlYXRlIjoxMjAwMDAwMDAwMDAwLCJkZWxldGUiOjEyMDAwMDAwMDAwMDAsInJlYWQiOjYwMDAwMDAwMDAwMCwidXBkYXRlIjoxMjAwMDAwMDAwMDAwfX0=",
          "dependencies": [
            "module.project-gcp.data.google_project.project",
            "module.project-gcp.google_org_policy_policy.default",
            "module.project-gcp.google_project.project"
          ],
          "create_before_destroy": true
        },
        {
          "index_key": "container.googleapis.com",
          "schema_version": 0,
          "attributes": {
            "disable_dependent_services": false,
            "disable_on_destroy": false,
            "id": "weatherscanner-466411/container.googleapis.com",
            "project": "weatherscanner-466411",
            "service": "container.googleapis.com",
            "timeouts": null
          },
          "sensitive_attributes": [],
          "identity_schema_version": 0,
          "private": "eyJlMmJmYjczMC1lY2FhLTExZTYtOGY4OC0zNDM2M2JjN2M0YzAiOnsiY3JlYXRlIjoxMjAwMDAwMDAwMDAwLCJkZWxldGUiOjEyMDAwMDAwMDAwMDAsInJlYWQiOjYwMDAwMDAwMDAwMCwidXBkYXRlIjoxMjAwMDAwMDAwMDAwfX0=",
          "dependencies": [
            "module.project-gcp.data.google_project.project",
            "module.project-gcp.google_org_policy_policy.default",
            "module.project-gcp.google_project.project"
          ],
          "create_before_destroy": true
        },
        {
          "index_key": "iam.googleapis.com",
          "schema_version": 0,
          "attributes": {
            "disable_dependent_services": false,
            "disable_on_destroy": false,
            "id": "weatherscanner-466411/iam.googleapis.com",
            "project": "weatherscanner-466411",
            "service": "iam.googleapis.com",
            "timeouts": null
          },
          "sensitive_attributes": [],
          "identity_schema_version": 0,
          "private": "eyJlMmJmYjczMC1lY2FhLTExZTYtOGY4OC0zNDM2M2JjN2M0YzAiOnsiY3JlYXRlIjoxMjAwMDAwMDAwMDAwLCJkZWxldGUiOjEyMDAwMDAwMDAwMDAsInJlYWQiOjYwMDAwMDAwMDAwMCwidXBkYXRlIjoxMjAwMDAwMDAwMDAwfX0=",
          "dependencies": [
            "module.project-gcp.data.google_project.project",
            "module.project-gcp.google_org_policy_policy.default",
            "module.project-gcp.google_project.project"
          ],
          "create_before_destroy": true
        },
        {
          "index_key": "serviceusage.googleapis.com",
          "schema_version": 0,
          "attributes": {
            "disable_dependent_services": false,
            "disable_on_destroy": false,
            "id": "weatherscanner-466411/serviceusage.googleapis.com",
            "project": "weatherscanner-466411",
            "service": "serviceusage.googleapis.com",
            "timeouts": null
          },
          "sensitive_attributes": [],
          "identity_schema_version": 0,
          "private": "eyJlMmJmYjczMC1lY2FhLTExZTYtOGY4OC0zNDM2M2JjN2M0YzAiOnsiY3JlYXRlIjoxMjAwMDAwMDAwMDAwLCJkZWxldGUiOjEyMDAwMDAwMDAwMDAsInJlYWQiOjYwMDAwMDAwMDAwMCwidXBkYXRlIjoxMjAwMDAwMDAwMDAwfX0=",
          "dependencies": [
            "module.project-gcp.data.google_project.project",
            "module.project-gcp.google_org_policy_policy.default",
            "module.project-gcp.google_project.project"
          ],
          "create_before_destroy": true
        }
      ]
    },
    {
      "module": "module.project-gcp",
      "mode": "managed",
      "type": "google_project_service_identity",
      "name": "default",
      "provider": "provider[\"registry.terraform.io/hashicorp/google-beta\"]",
      "instances": [
        {
          "index_key": "container.googleapis.com",
          "schema_version": 0,
          "attributes": {
            "email": "service-886794755170@container-engine-robot.iam.gserviceaccount.com",
            "id": "projects/weatherscanner-466411/services/container.googleapis.com",
            "member": "serviceAccount:service-886794755170@container-engine-robot.iam.gserviceaccount.com",
            "project": "weatherscanner-466411",
            "service": "container.googleapis.com",
            "timeouts": null
          },
          "sensitive_attributes": [],
          "identity_schema_version": 0,
          "private": "eyJlMmJmYjczMC1lY2FhLTExZTYtOGY4OC0zNDM2M2JjN2M0YzAiOnsiY3JlYXRlIjoxMjAwMDAwMDAwMDAwLCJkZWxldGUiOjEyMDAwMDAwMDAwMDAsInJlYWQiOjYwMDAwMDAwMDAwMH19",
          "dependencies": [
            "module.project-gcp.data.google_project.project",
            "module.project-gcp.google_org_policy_policy.default",
            "module.project-gcp.google_project.project",
            "module.project-gcp.google_project_service.project_services"
          ],
          "create_before_destroy": true
        }
      ]
    },
    {
      "module": "module.vpc-gcp",
      "mode": "managed",
      "type": "google_compute_network",
      "name": "network",
      "provider": "provider[\"registry.terraform.io/hashicorp/google\"]",
      "instances": [
        {
          "index_key": 0,
          "schema_version": 0,
          "attributes": {
            "auto_create_subnetworks": false,
            "bgp_always_compare_med": false,
            "bgp_best_path_selection_mode": "LEGACY",
            "bgp_inter_region_cost": "",
            "delete_default_routes_on_create": false,
            "description": "Terraform-managed.",
            "enable_ula_internal_ipv6": false,
            "gateway_ipv4": "",
            "id": "projects/weatherscanner-466411/global/networks/weatherscanner-vpc",
            "internal_ipv6_range": "",
            "mtu": 0,
            "name": "weatherscanner-vpc",
            "network_firewall_policy_enforcement_order": "AFTER_CLASSIC_FIREWALL",
            "network_id": "5253137205298146469",
            "network_profile": "",
            "numeric_id": "5253137205298146469",
            "params": [],
            "project": "weatherscanner-466411",
            "routing_mode": "GLOBAL",
            "self_link": "https://www.googleapis.com/compute/v1/projects/weatherscanner-466411/global/networks/weatherscanner-vpc",
            "timeouts": null
          },
          "sensitive_attributes": [],
          "identity_schema_version": 0,
          "private": "eyJlMmJmYjczMC1lY2FhLTExZTYtOGY4OC0zNDM2M2JjN2M0YzAiOnsiY3JlYXRlIjoxMjAwMDAwMDAwMDAwLCJkZWxldGUiOjEyMDAwMDAwMDAwMDAsInVwZGF0ZSI6MTIwMDAwMDAwMDAwMH19",
          "dependencies": [
            "module.project-gcp.data.google_bigquery_default_service_account.bq_sa",
            "module.project-gcp.data.google_project.project",
            "module.project-gcp.data.google_storage_project_service_account.gcs_sa",
            "module.project-gcp.google_access_context_manager_service_perimeter_dry_run_resource.default",
            "module.project-gcp.google_access_context_manager_service_perimeter_resource.default",
            "module.project-gcp.google_compute_shared_vpc_host_project.shared_vpc_host",
            "module.project-gcp.google_compute_shared_vpc_service_project.service_projects",
            "module.project-gcp.google_compute_shared_vpc_service_project.shared_vpc_service",
            "module.project-gcp.google_kms_crypto_key_iam_member.service_agent_cmek",
            "module.project-gcp.google_org_policy_policy.default",
            "module.project-gcp.google_project.project",
            "module.project-gcp.google_project_default_service_accounts.default_service_accounts",
            "module.project-gcp.google_project_iam_member.service_agents",
            "module.project-gcp.google_project_iam_member.shared_vpc_host_robots",
            "module.project-gcp.google_project_service.project_services",
            "module.project-gcp.google_project_service_identity.default"
          ],
          "create_before_destroy": true
        }
      ]
    },
    {
      "module": "module.vpc-gcp",
      "mode": "managed",
      "type": "google_compute_route",
      "name": "gateway",
      "provider": "provider[\"registry.terraform.io/hashicorp/google\"]",
      "instances": [
        {
          "index_key": "directpath-googleapis",
          "schema_version": 0,
          "attributes": {
            "as_paths": [],
            "creation_timestamp": "2025-07-24T13:06:57.408-07:00",
            "description": "Terraform-managed.",
            "dest_range": "34.126.0.0/18",
            "id": "projects/weatherscanner-466411/global/routes/weatherscanner-vpc-directpath-googleapis",
            "name": "weatherscanner-vpc-directpath-googleapis",
            "network": "https://www.googleapis.com/compute/v1/projects/weatherscanner-466411/global/networks/weatherscanner-vpc",
            "next_hop_gateway": "https://www.googleapis.com/compute/v1/projects/weatherscanner-466411/global/gateways/default-internet-gateway",
            "next_hop_hub": "",
            "next_hop_ilb": "",
            "next_hop_instance": "",
            "next_hop_instance_zone": null,
            "next_hop_inter_region_cost": "",
            "next_hop_ip": "",
            "next_hop_med": "",
            "next_hop_network": "",
            "next_hop_origin": "",
            "next_hop_peering": "",
            "next_hop_vpn_tunnel": "",
            "params": [],
            "priority": 1000,
            "project": "weatherscanner-466411",
            "route_status": "",
            "route_type": "",
            "self_link": "https://www.googleapis.com/compute/v1/projects/weatherscanner-466411/global/routes/weatherscanner-vpc-directpath-googleapis",
            "tags": null,
            "timeouts": null,
            "warnings": []
          },
          "sensitive_attributes": [],
          "identity_schema_version": 0,
          "private": "eyJlMmJmYjczMC1lY2FhLTExZTYtOGY4OC0zNDM2M2JjN2M0YzAiOnsiY3JlYXRlIjoxMjAwMDAwMDAwMDAwLCJkZWxldGUiOjEyMDAwMDAwMDAwMDB9fQ==",
          "dependencies": [
            "module.project-gcp.data.google_bigquery_default_service_account.bq_sa",
            "module.project-gcp.data.google_project.project",
            "module.project-gcp.data.google_storage_project_service_account.gcs_sa",
            "module.project-gcp.google_access_context_manager_service_perimeter_dry_run_resource.default",
            "module.project-gcp.google_access_context_manager_service_perimeter_resource.default",
            "module.project-gcp.google_compute_shared_vpc_host_project.shared_vpc_host",
            "module.project-gcp.google_compute_shared_vpc_service_project.service_projects",
            "module.project-gcp.google_compute_shared_vpc_service_project.shared_vpc_service",
            "module.project-gcp.google_kms_crypto_key_iam_member.service_agent_cmek",
            "module.project-gcp.google_org_policy_policy.default",
            "module.project-gcp.google_project.project",
            "module.project-gcp.google_project_default_service_accounts.default_service_accounts",
            "module.project-gcp.google_project_iam_member.service_agents",
            "module.project-gcp.google_project_iam_member.shared_vpc_host_robots",
            "module.project-gcp.google_project_service.project_services",
            "module.project-gcp.google_project_service_identity.default",
            "module.vpc-gcp.google_compute_network.network"
          ]
        },
        {
          "index_key": "private-googleapis",
          "schema_version": 0,
          "attributes": {
            "as_paths": [],
            "creation_timestamp": "2025-07-24T13:07:09.414-07:00",
            "description": "Terraform-managed.",
            "dest_range": "199.36.153.8/30",
            "id": "projects/weatherscanner-466411/global/routes/weatherscanner-vpc-private-googleapis",
            "name": "weatherscanner-vpc-private-googleapis",
            "network": "https://www.googleapis.com/compute/v1/projects/weatherscanner-466411/global/networks/weatherscanner-vpc",
            "next_hop_gateway": "https://www.googleapis.com/compute/v1/projects/weatherscanner-466411/global/gateways/default-internet-gateway",
            "next_hop_hub": "",
            "next_hop_ilb": "",
            "next_hop_instance": "",
            "next_hop_instance_zone": null,
            "next_hop_inter_region_cost": "",
            "next_hop_ip": "",
            "next_hop_med": "",
            "next_hop_network": "",
            "next_hop_origin": "",
            "next_hop_peering": "",
            "next_hop_vpn_tunnel": "",
            "params": [],
            "priority": 1000,
            "project": "weatherscanner-466411",
            "route_status": "",
            "route_type": "",
            "self_link": "https://www.googleapis.com/compute/v1/projects/weatherscanner-466411/global/routes/weatherscanner-vpc-private-googleapis",
            "tags": null,
            "timeouts": null,
            "warnings": []
          },
          "sensitive_attributes": [],
          "identity_schema_version": 0,
          "private": "eyJlMmJmYjczMC1lY2FhLTExZTYtOGY4OC0zNDM2M2JjN2M0YzAiOnsiY3JlYXRlIjoxMjAwMDAwMDAwMDAwLCJkZWxldGUiOjEyMDAwMDAwMDAwMDB9fQ==",
          "dependencies": [
            "module.project-gcp.data.google_bigquery_default_service_account.bq_sa",
            "module.project-gcp.data.google_project.project",
            "module.project-gcp.data.google_storage_project_service_account.gcs_sa",
            "module.project-gcp.google_access_context_manager_service_perimeter_dry_run_resource.default",
            "module.project-gcp.google_access_context_manager_service_perimeter_resource.default",
            "module.project-gcp.google_compute_shared_vpc_host_project.shared_vpc_host",
            "module.project-gcp.google_compute_shared_vpc_service_project.service_projects",
            "module.project-gcp.google_compute_shared_vpc_service_project.shared_vpc_service",
            "module.project-gcp.google_kms_crypto_key_iam_member.service_agent_cmek",
            "module.project-gcp.google_org_policy_policy.default",
            "module.project-gcp.google_project.project",
            "module.project-gcp.google_project_default_service_accounts.default_service_accounts",
            "module.project-gcp.google_project_iam_member.service_agents",
            "module.project-gcp.google_project_iam_member.shared_vpc_host_robots",
            "module.project-gcp.google_project_service.project_services",
            "module.project-gcp.google_project_service_identity.default",
            "module.vpc-gcp.google_compute_network.network"
          ]
        },
        {
          "index_key": "restricted-googleapis",
          "schema_version": 0,
          "attributes": {
            "as_paths": [],
            "creation_timestamp": "2025-07-24T13:07:21.598-07:00",
            "description": "Terraform-managed.",
            "dest_range": "199.36.153.4/30",
            "id": "projects/weatherscanner-466411/global/routes/weatherscanner-vpc-restricted-googleapis",
            "name": "weatherscanner-vpc-restricted-googleapis",
            "network": "https://www.googleapis.com/compute/v1/projects/weatherscanner-466411/global/networks/weatherscanner-vpc",
            "next_hop_gateway": "https://www.googleapis.com/compute/v1/projects/weatherscanner-466411/global/gateways/default-internet-gateway",
            "next_hop_hub": "",
            "next_hop_ilb": "",
            "next_hop_instance": "",
            "next_hop_instance_zone": null,
            "next_hop_inter_region_cost": "",
            "next_hop_ip": "",
            "next_hop_med": "",
            "next_hop_network": "",
            "next_hop_origin": "",
            "next_hop_peering": "",
            "next_hop_vpn_tunnel": "",
            "params": [],
            "priority": 1000,
            "project": "weatherscanner-466411",
            "route_status": "",
            "route_type": "",
            "self_link": "https://www.googleapis.com/compute/v1/projects/weatherscanner-466411/global/routes/weatherscanner-vpc-restricted-googleapis",
            "tags": null,
            "timeouts": null,
            "warnings": []
          },
          "sensitive_attributes": [],
          "identity_schema_version": 0,
          "private": "eyJlMmJmYjczMC1lY2FhLTExZTYtOGY4OC0zNDM2M2JjN2M0YzAiOnsiY3JlYXRlIjoxMjAwMDAwMDAwMDAwLCJkZWxldGUiOjEyMDAwMDAwMDAwMDB9fQ==",
          "dependencies": [
            "module.project-gcp.data.google_bigquery_default_service_account.bq_sa",
            "module.project-gcp.data.google_project.project",
            "module.project-gcp.data.google_storage_project_service_account.gcs_sa",
            "module.project-gcp.google_access_context_manager_service_perimeter_dry_run_resource.default",
            "module.project-gcp.google_access_context_manager_service_perimeter_resource.default",
            "module.project-gcp.google_compute_shared_vpc_host_project.shared_vpc_host",
            "module.project-gcp.google_compute_shared_vpc_service_project.service_projects",
            "module.project-gcp.google_compute_shared_vpc_service_project.shared_vpc_service",
            "module.project-gcp.google_kms_crypto_key_iam_member.service_agent_cmek",
            "module.project-gcp.google_org_policy_policy.default",
            "module.project-gcp.google_project.project",
            "module.project-gcp.google_project_default_service_accounts.default_service_accounts",
            "module.project-gcp.google_project_iam_member.service_agents",
            "module.project-gcp.google_project_iam_member.shared_vpc_host_robots",
            "module.project-gcp.google_project_service.project_services",
            "module.project-gcp.google_project_service_identity.default",
            "module.vpc-gcp.google_compute_network.network"
          ]
        }
      ]
    },
    {
      "module": "module.vpc-gcp",
      "mode": "managed",
      "type": "google_compute_subnetwork",
      "name": "subnetwork",
      "provider": "provider[\"registry.terraform.io/hashicorp/google-beta\"]",
      "instances": [
        {
          "index_key": "europe-west12/gke",
          "schema_version": 0,
          "attributes": {
            "allow_subnet_cidr_routes_overlap": false,
            "creation_timestamp": "2025-07-24T13:06:57.997-07:00",
            "description": "Terraform-managed.",
            "enable_flow_logs": false,
            "external_ipv6_prefix": "",
            "fingerprint": null,
            "gateway_address": "10.0.0.1",
            "id": "projects/weatherscanner-466411/regions/europe-west12/subnetworks/gke",
            "internal_ipv6_prefix": "",
            "ip_cidr_range": "10.0.0.0/24",
            "ip_collection": null,
            "ipv6_access_type": "",
            "ipv6_cidr_range": "",
            "ipv6_gce_endpoint": "",
            "log_config": [],
            "name": "gke",
            "network": "https://www.googleapis.com/compute/v1/projects/weatherscanner-466411/global/networks/weatherscanner-vpc",
            "params": [],
            "private_ip_google_access": true,
            "private_ipv6_google_access": "DISABLE_GOOGLE_ACCESS",
            "project": "weatherscanner-466411",
            "purpose": "PRIVATE",
            "region": "europe-west12",
            "reserved_internal_range": "",
            "role": "",
            "secondary_ip_range": [
              {
                "ip_cidr_range": "172.16.0.0/20",
                "range_name": "pods",
                "reserved_internal_range": ""
              },
              {
                "ip_cidr_range": "192.168.0.0/24",
                "range_name": "services",
                "reserved_internal_range": ""
              }
            ],
            "self_link": "https://www.googleapis.com/compute/v1/projects/weatherscanner-466411/regions/europe-west12/subnetworks/gke",
            "send_secondary_ip_range_if_empty": true,
            "stack_type": "IPV4_ONLY",
            "state": "",
            "subnetwork_id": 3716147432886578318,
            "timeouts": null
          },
          "sensitive_attributes": [],
          "identity_schema_version": 0,
          "private": "eyJlMmJmYjczMC1lY2FhLTExZTYtOGY4OC0zNDM2M2JjN2M0YzAiOnsiY3JlYXRlIjoxMjAwMDAwMDAwMDAwLCJkZWxldGUiOjEyMDAwMDAwMDAwMDAsInVwZGF0ZSI6MTIwMDAwMDAwMDAwMH19",
          "dependencies": [
            "module.project-gcp.data.google_bigquery_default_service_account.bq_sa",
            "module.project-gcp.data.google_project.project",
            "module.project-gcp.data.google_storage_project_service_account.gcs_sa",
            "module.project-gcp.google_access_context_manager_service_perimeter_dry_run_resource.default",
            "module.project-gcp.google_access_context_manager_service_perimeter_resource.default",
            "module.project-gcp.google_compute_shared_vpc_host_project.shared_vpc_host",
            "module.project-gcp.google_compute_shared_vpc_service_project.service_projects",
            "module.project-gcp.google_compute_shared_vpc_service_project.shared_vpc_service",
            "module.project-gcp.google_kms_crypto_key_iam_member.service_agent_cmek",
            "module.project-gcp.google_org_policy_policy.default",
            "module.project-gcp.google_project.project",
            "module.project-gcp.google_project_default_service_accounts.default_service_accounts",
            "module.project-gcp.google_project_iam_member.service_agents",
            "module.project-gcp.google_project_iam_member.shared_vpc_host_robots",
            "module.project-gcp.google_project_service.project_services",
            "module.project-gcp.google_project_service_identity.default",
            "module.vpc-gcp.google_compute_network.network"
          ],
          "create_before_destroy": true
        },
        {
          "index_key": "europe-west12/gke-bastion-host",
          "schema_version": 0,
          "attributes": {
            "allow_subnet_cidr_routes_overlap": false,
            "creation_timestamp": "2025-07-24T13:06:57.887-07:00",
            "description": "Terraform-managed.",
            "enable_flow_logs": false,
            "external_ipv6_prefix": "",
            "fingerprint": null,
            "gateway_address": "10.0.2.1",
            "id": "projects/weatherscanner-466411/regions/europe-west12/subnetworks/gke-bastion-host",
            "internal_ipv6_prefix": "",
            "ip_cidr_range": "10.0.2.0/28",
            "ip_collection": null,
            "ipv6_access_type": "",
            "ipv6_cidr_range": "",
            "ipv6_gce_endpoint": "",
            "log_config": [],
            "name": "gke-bastion-host",
            "network": "https://www.googleapis.com/compute/v1/projects/weatherscanner-466411/global/networks/weatherscanner-vpc",
            "params": [],
            "private_ip_google_access": true,
            "private_ipv6_google_access": "DISABLE_GOOGLE_ACCESS",
            "project": "weatherscanner-466411",
            "purpose": "PRIVATE",
            "region": "europe-west12",
            "reserved_internal_range": "",
            "role": "",
            "secondary_ip_range": [],
            "self_link": "https://www.googleapis.com/compute/v1/projects/weatherscanner-466411/regions/europe-west12/subnetworks/gke-bastion-host",
            "send_secondary_ip_range_if_empty": true,
            "stack_type": "IPV4_ONLY",
            "state": "",
            "subnetwork_id": 4401206063902174350,
            "timeouts": null
          },
          "sensitive_attributes": [],
          "identity_schema_version": 0,
          "private": "eyJlMmJmYjczMC1lY2FhLTExZTYtOGY4OC0zNDM2M2JjN2M0YzAiOnsiY3JlYXRlIjoxMjAwMDAwMDAwMDAwLCJkZWxldGUiOjEyMDAwMDAwMDAwMDAsInVwZGF0ZSI6MTIwMDAwMDAwMDAwMH19",
          "dependencies": [
            "module.project-gcp.data.google_bigquery_default_service_account.bq_sa",
            "module.project-gcp.data.google_project.project",
            "module.project-gcp.data.google_storage_project_service_account.gcs_sa",
            "module.project-gcp.google_access_context_manager_service_perimeter_dry_run_resource.default",
            "module.project-gcp.google_access_context_manager_service_perimeter_resource.default",
            "module.project-gcp.google_compute_shared_vpc_host_project.shared_vpc_host",
            "module.project-gcp.google_compute_shared_vpc_service_project.service_projects",
            "module.project-gcp.google_compute_shared_vpc_service_project.shared_vpc_service",
            "module.project-gcp.google_kms_crypto_key_iam_member.service_agent_cmek",
            "module.project-gcp.google_org_policy_policy.default",
            "module.project-gcp.google_project.project",
            "module.project-gcp.google_project_default_service_accounts.default_service_accounts",
            "module.project-gcp.google_project_iam_member.service_agents",
            "module.project-gcp.google_project_iam_member.shared_vpc_host_robots",
            "module.project-gcp.google_project_service.project_services",
            "module.project-gcp.google_project_service_identity.default",
            "module.vpc-gcp.google_compute_network.network"
          ],
          "create_before_destroy": true
        },
        {
          "index_key": "europe-west12/gke-cp",
          "schema_version": 0,
          "attributes": {
            "allow_subnet_cidr_routes_overlap": false,
            "creation_timestamp": "2025-07-24T13:06:57.917-07:00",
            "description": "Terraform-managed.",
            "enable_flow_logs": false,
            "external_ipv6_prefix": "",
            "fingerprint": null,
            "gateway_address": "10.0.1.1",
            "id": "projects/weatherscanner-466411/regions/europe-west12/subnetworks/gke-cp",
            "internal_ipv6_prefix": "",
            "ip_cidr_range": "10.0.1.0/24",
            "ip_collection": null,
            "ipv6_access_type": "",
            "ipv6_cidr_range": "",
            "ipv6_gce_endpoint": "",
            "log_config": [],
            "name": "gke-cp",
            "network": "https://www.googleapis.com/compute/v1/projects/weatherscanner-466411/global/networks/weatherscanner-vpc",
            "params": [],
            "private_ip_google_access": true,
            "private_ipv6_google_access": "DISABLE_GOOGLE_ACCESS",
            "project": "weatherscanner-466411",
            "purpose": "PRIVATE",
            "region": "europe-west12",
            "reserved_internal_range": "",
            "role": "",
            "secondary_ip_range": [],
            "self_link": "https://www.googleapis.com/compute/v1/projects/weatherscanner-466411/regions/europe-west12/subnetworks/gke-cp",
            "send_secondary_ip_range_if_empty": true,
            "stack_type": "IPV4_ONLY",
            "state": "",
            "subnetwork_id": 1517282588613356686,
            "timeouts": null
          },
          "sensitive_attributes": [],
          "identity_schema_version": 0,
          "private": "eyJlMmJmYjczMC1lY2FhLTExZTYtOGY4OC0zNDM2M2JjN2M0YzAiOnsiY3JlYXRlIjoxMjAwMDAwMDAwMDAwLCJkZWxldGUiOjEyMDAwMDAwMDAwMDAsInVwZGF0ZSI6MTIwMDAwMDAwMDAwMH19",
          "dependencies": [
            "module.project-gcp.data.google_bigquery_default_service_account.bq_sa",
            "module.project-gcp.data.google_project.project",
            "module.project-gcp.data.google_storage_project_service_account.gcs_sa",
            "module.project-gcp.google_access_context_manager_service_perimeter_dry_run_resource.default",
            "module.project-gcp.google_access_context_manager_service_perimeter_resource.default",
            "module.project-gcp.google_compute_shared_vpc_host_project.shared_vpc_host",
            "module.project-gcp.google_compute_shared_vpc_service_project.service_projects",
            "module.project-gcp.google_compute_shared_vpc_service_project.shared_vpc_service",
            "module.project-gcp.google_kms_crypto_key_iam_member.service_agent_cmek",
            "module.project-gcp.google_org_policy_policy.default",
            "module.project-gcp.google_project.project",
            "module.project-gcp.google_project_default_service_accounts.default_service_accounts",
            "module.project-gcp.google_project_iam_member.service_agents",
            "module.project-gcp.google_project_iam_member.shared_vpc_host_robots",
            "module.project-gcp.google_project_service.project_services",
            "module.project-gcp.google_project_service_identity.default",
            "module.vpc-gcp.google_compute_network.network"
          ],
          "create_before_destroy": true
        }
      ]
    }
  ],
  "check_results": [
    {
      "object_kind": "var",
      "config_addr": "module.github-service-account.var.prefix",
      "status": "pass",
      "objects": [
        {
          "object_addr": "module.github-service-account.var.prefix",
          "status": "pass"
        }
      ]
    },
    {
      "object_kind": "var",
      "config_addr": "module.nat.var.config_port_allocation",
      "status": "pass",
      "objects": [
        {
          "object_addr": "module.nat.var.config_port_allocation",
          "status": "pass"
        }
      ]
    },
    {
      "object_kind": "var",
      "config_addr": "module.bastion-service-account.var.prefix",
      "status": "pass",
      "objects": [
        {
          "object_addr": "module.bastion-service-account.var.prefix",
          "status": "pass"
        }
      ]
    },
    {
      "object_kind": "var",
      "config_addr": "module.project-gcp.var.deletion_policy",
      "status": "pass",
      "objects": [
        {
          "object_addr": "module.project-gcp.var.deletion_policy",
          "status": "pass"
        }
      ]
    },
    {
      "object_kind": "var",
      "config_addr": "module.project-gcp.var.tags",
      "status": "pass",
      "objects": [
        {
          "object_addr": "module.project-gcp.var.tags",
          "status": "pass"
        }
      ]
    },
    {
      "object_kind": "var",
      "config_addr": "module.project-gcp.var.project_reuse",
      "status": "pass",
      "objects": [
        {
          "object_addr": "module.project-gcp.var.project_reuse",
          "status": "pass"
        }
      ]
    },
    {
      "object_kind": "var",
      "config_addr": "module.cluster-gke.var.logging_config",
      "status": "pass",
      "objects": [
        {
          "object_addr": "module.cluster-gke.var.logging_config",
          "status": "pass"
        }
      ]
    },
    {
      "object_kind": "resource",
      "config_addr": "module.project-gcp.google_project.project",
      "status": "pass",
      "objects": null
    },
    {
      "object_kind": "var",
      "config_addr": "module.bastion-host-vm.var.options",
      "status": "pass",
      "objects": [
        {
          "object_addr": "module.bastion-host-vm.var.options",
          "status": "pass"
        }
      ]
    },
    {
      "object_kind": "var",
      "config_addr": "module.nat.var.endpoint_types",
      "status": "pass",
      "objects": [
        {
          "object_addr": "module.nat.var.endpoint_types",
          "status": "pass"
        }
      ]
    },
    {
      "object_kind": "var",
      "config_addr": "module.project-gcp.var.default_service_account",
      "status": "pass",
      "objects": [
        {
          "object_addr": "module.project-gcp.var.default_service_account",
          "status": "pass"
        }
      ]
    },
    {
      "object_kind": "var",
      "config_addr": "module.cluster-gke.var.default_nodepool",
      "status": "pass",
      "objects": [
        {
          "object_addr": "module.cluster-gke.var.default_nodepool",
          "status": "pass"
        }
      ]
    },
    {
      "object_kind": "var",
      "config_addr": "module.bastion-host-vm.var.attached_disk_defaults",
      "status": "pass",
      "objects": [
        {
          "object_addr": "module.bastion-host-vm.var.attached_disk_defaults",
          "status": "pass"
        }
      ]
    },
    {
      "object_kind": "var",
      "config_addr": "module.bastion-host-vm.var.snapshot_schedules",
      "status": "pass",
      "objects": [
        {
          "object_addr": "module.bastion-host-vm.var.snapshot_schedules",
          "status": "pass"
        }
      ]
    },
    {
      "object_kind": "var",
      "config_addr": "module.nat.var.rules",
      "status": "pass",
      "objects": [
        {
          "object_addr": "module.nat.var.rules",
          "status": "pass"
        }
      ]
    },
    {
      "object_kind": "var",
      "config_addr": "module.bastion-host-vm.var.gpu",
      "status": "pass",
      "objects": [
        {
          "object_addr": "module.bastion-host-vm.var.gpu",
          "status": "pass"
        }
      ]
    },
    {
      "object_kind": "var",
      "config_addr": "module.project-gcp.var.network_tags",
      "status": "pass",
      "objects": [
        {
          "object_addr": "module.project-gcp.var.network_tags",
          "status": "pass"
        }
      ]
    },
    {
      "object_kind": "var",
      "config_addr": "module.project-gcp.var.quotas",
      "status": "pass",
      "objects": [
        {
          "object_addr": "module.project-gcp.var.quotas",
          "status": "pass"
        }
      ]
    },
    {
      "object_kind": "var",
      "config_addr": "module.bastion-host-vm.var.boot_disk",
      "status": "pass",
      "objects": [
        {
          "object_addr": "module.bastion-host-vm.var.boot_disk",
          "status": "pass"
        }
      ]
    },
    {
      "object_kind": "var",
      "config_addr": "module.nat.var.config_source_subnetworks",
      "status": "pass",
      "objects": [
        {
          "object_addr": "module.nat.var.config_source_subnetworks",
          "status": "pass"
        }
      ]
    },
    {
      "object_kind": "var",
      "config_addr": "module.cluster-gke.var.monitoring_config",
      "status": "pass",
      "objects": [
        {
          "object_addr": "module.cluster-gke.var.monitoring_config",
          "status": "pass"
        }
      ]
    },
    {
      "object_kind": "var",
      "config_addr": "module.cluster-gke.var.cluster_autoscaling",
      "status": "pass",
      "objects": [
        {
          "object_addr": "module.cluster-gke.var.cluster_autoscaling",
          "status": "pass"
        }
      ]
    },
    {
      "object_kind": "var",
      "config_addr": "module.project-gcp.var.prefix",
      "status": "pass",
      "objects": [
        {
          "object_addr": "module.project-gcp.var.prefix",
          "status": "pass"
        }
      ]
    },
    {
      "object_kind": "var",
      "config_addr": "module.github-service-account.var.create_ignore_already_exists",
      "status": "pass",
      "objects": [
        {
          "object_addr": "module.github-service-account.var.create_ignore_already_exists",
          "status": "pass"
        }
      ]
    },
    {
      "object_kind": "var",
      "config_addr": "module.project-gcp.var.shared_vpc_service_config",
      "status": "pass",
      "objects": [
        {
          "object_addr": "module.project-gcp.var.shared_vpc_service_config",
          "status": "pass"
        }
      ]
    },
    {
      "object_kind": "var",
      "config_addr": "module.vpc-gcp.var.routes",
      "status": "pass",
      "objects": [
        {
          "object_addr": "module.vpc-gcp.var.routes",
          "status": "pass"
        }
      ]
    },
    {
      "object_kind": "var",
      "config_addr": "module.cluster-gke.var.node_config",
      "status": "pass",
      "objects": [
        {
          "object_addr": "module.cluster-gke.var.node_config",
          "status": "pass"
        }
      ]
    },
    {
      "object_kind": "var",
      "config_addr": "module.nat.var.type",
      "status": "pass",
      "objects": [
        {
          "object_addr": "module.nat.var.type",
          "status": "pass"
        }
      ]
    },
    {
      "object_kind": "var",
      "config_addr": "module.project-gcp.var.parent",
      "status": "pass",
      "objects": [
        {
          "object_addr": "module.project-gcp.var.parent",
          "status": "pass"
        }
      ]
    },
    {
      "object_kind": "var",
      "config_addr": "module.project-gcp.var.logging_sinks",
      "status": "pass",
      "objects": [
        {
          "object_addr": "module.project-gcp.var.logging_sinks",
          "status": "pass"
        }
      ]
    },
    {
      "object_kind": "var",
      "config_addr": "module.bastion-service-account.var.create_ignore_already_exists",
      "status": "pass",
      "objects": [
        {
          "object_addr": "module.bastion-service-account.var.create_ignore_already_exists",
          "status": "pass"
        }
      ]
    },
    {
      "object_kind": "var",
      "config_addr": "module.bastion-host-vm.var.tag_bindings_immutable",
      "status": "pass",
      "objects": [
        {
          "object_addr": "module.bastion-host-vm.var.tag_bindings_immutable",
          "status": "pass"
        }
      ]
    },
    {
      "object_kind": "check",
      "config_addr": "module.project-gcp.check.custom_roles",
      "status": "pass",
      "objects": [
        {
          "object_addr": "module.project-gcp.check.custom_roles",
          "status": "pass"
        }
      ]
    },
    {
      "object_kind": "var",
      "config_addr": "module.vpc-gcp.var.psa_configs",
      "status": "pass",
      "objects": [
        {
          "object_addr": "module.vpc-gcp.var.psa_configs",
          "status": "pass"
        }
      ]
    },
    {
      "object_kind": "var",
      "config_addr": "module.vpc-gcp.var.routing_mode",
      "status": "pass",
      "objects": [
        {
          "object_addr": "module.vpc-gcp.var.routing_mode",
          "status": "pass"
        }
      ]
    },
    {
      "object_kind": "var",
      "config_addr": "module.bastion-host-vm.var.instance_schedule",
      "status": "pass",
      "objects": [
        {
          "object_addr": "module.bastion-host-vm.var.instance_schedule",
          "status": "pass"
        }
      ]
    },
    {
      "object_kind": "var",
      "config_addr": "module.cluster-gke.var.access_config",
      "status": "pass",
      "objects": [
        {
          "object_addr": "module.cluster-gke.var.access_config",
          "status": "pass"
        }
      ]
    },
    {
      "object_kind": "var",
      "config_addr": "module.vpc-gcp.var.policy_based_routes",
      "status": "pass",
      "objects": [
        {
          "object_addr": "module.vpc-gcp.var.policy_based_routes",
          "status": "pass"
        }
      ]
    },
    {
      "object_kind": "var",
      "config_addr": "module.vpc-gcp.var.firewall_policy_enforcement_order",
      "status": "pass",
      "objects": [
        {
          "object_addr": "module.vpc-gcp.var.firewall_policy_enforcement_order",
          "status": "pass"
        }
      ]
    },
    {
      "object_kind": "var",
      "config_addr": "module.cluster-gke.var.enable_features",
      "status": "pass",
      "objects": [
        {
          "object_addr": "module.cluster-gke.var.enable_features",
          "status": "pass"
        }
      ]
    },
    {
      "object_kind": "var",
      "config_addr": "module.bastion-host-vm.var.attached_disks",
      "status": "pass",
      "objects": [
        {
          "object_addr": "module.bastion-host-vm.var.attached_disks",
          "status": "pass"
        }
      ]
    }
  ]
}
